// !$*UTF8*$!
{
	archiveVersion = 1;
	classes = {
	};
	objectVersion = 54;
	objects = {

/* Begin PBXBuildFile section */
		619DE2F37C677EF7B4C8EA1B /* libPods-catstagram_ios-catstagram_iosUITests.a in Frameworks */ = {isa = PBXBuildFile; fileRef = C32D9BAD5CF754136942129C /* libPods-catstagram_ios-catstagram_iosUITests.a */; };
		73F1795EA947912DF7B9BF35 /* libPods-catstagram_ios.a in Frameworks */ = {isa = PBXBuildFile; fileRef = FA26A55CE1B039EF5EEFCC96 /* libPods-catstagram_ios.a */; };
		CEDF7046208C449B94634E91 /* libPods-catstagram_iosTests.a in Frameworks */ = {isa = PBXBuildFile; fileRef = 5976198A286FF7D1932849A5 /* libPods-catstagram_iosTests.a */; };
		FF821F19281AD3CE00CA2CCA /* UserInfo.swift in Sources */ = {isa = PBXBuildFile; fileRef = FF821F18281AD3CE00CA2CCA /* UserInfo.swift */; };
		FF821F20281CA7A700CA2CCA /* HomeViewController.swift in Sources */ = {isa = PBXBuildFile; fileRef = FF821F1F281CA7A700CA2CCA /* HomeViewController.swift */; };
		FF821F24281CAB6400CA2CCA /* FeedTableViewCell.swift in Sources */ = {isa = PBXBuildFile; fileRef = FF821F22281CAB6400CA2CCA /* FeedTableViewCell.swift */; };
		FF821F25281CAB6400CA2CCA /* FeedTableViewCell.xib in Resources */ = {isa = PBXBuildFile; fileRef = FF821F23281CAB6400CA2CCA /* FeedTableViewCell.xib */; };
		FF821F28281D4FE700CA2CCA /* StoryTableViewCell.swift in Sources */ = {isa = PBXBuildFile; fileRef = FF821F26281D4FE700CA2CCA /* StoryTableViewCell.swift */; };
		FF821F29281D4FE700CA2CCA /* StoryTableViewCell.xib in Resources */ = {isa = PBXBuildFile; fileRef = FF821F27281D4FE700CA2CCA /* StoryTableViewCell.xib */; };
		FF821F2C281D592500CA2CCA /* StoryCollectionViewCell.swift in Sources */ = {isa = PBXBuildFile; fileRef = FF821F2A281D592500CA2CCA /* StoryCollectionViewCell.swift */; };
		FF821F2D281D592500CA2CCA /* StoryCollectionViewCell.xib in Resources */ = {isa = PBXBuildFile; fileRef = FF821F2B281D592500CA2CCA /* StoryCollectionViewCell.xib */; };
		FF821F30281D725A00CA2CCA /* ProfileViewController.swift in Sources */ = {isa = PBXBuildFile; fileRef = FF821F2F281D725A00CA2CCA /* ProfileViewController.swift */; };
		FF821F34281D75BC00CA2CCA /* ProfileCollectionViewCell.swift in Sources */ = {isa = PBXBuildFile; fileRef = FF821F32281D75BC00CA2CCA /* ProfileCollectionViewCell.swift */; };
		FF821F35281D75BC00CA2CCA /* ProfileCollectionViewCell.xib in Resources */ = {isa = PBXBuildFile; fileRef = FF821F33281D75BC00CA2CCA /* ProfileCollectionViewCell.xib */; };
		FF821F3D281D8A1700CA2CCA /* PostCollectionViewCell.swift in Sources */ = {isa = PBXBuildFile; fileRef = FF821F3B281D8A1700CA2CCA /* PostCollectionViewCell.swift */; };
		FF821F3E281D8A1700CA2CCA /* PostCollectionViewCell.xib in Resources */ = {isa = PBXBuildFile; fileRef = FF821F3C281D8A1700CA2CCA /* PostCollectionViewCell.xib */; };
		FF970A67282A5817000AF1D6 /* FeedAPIInuput.swift in Sources */ = {isa = PBXBuildFile; fileRef = FF970A66282A5817000AF1D6 /* FeedAPIInuput.swift */; };
		FF970A69282A5895000AF1D6 /* FeedModel.swift in Sources */ = {isa = PBXBuildFile; fileRef = FF970A68282A5895000AF1D6 /* FeedModel.swift */; };
		FF970A6B282A58EC000AF1D6 /* FeedDataManager.swift in Sources */ = {isa = PBXBuildFile; fileRef = FF970A6A282A58EC000AF1D6 /* FeedDataManager.swift */; };
		FF970A6E282AB88C000AF1D6 /* FeedUploadInput.swift in Sources */ = {isa = PBXBuildFile; fileRef = FF970A6D282AB88C000AF1D6 /* FeedUploadInput.swift */; };
		FF970A70282AB906000AF1D6 /* FeedUploadModel.swift in Sources */ = {isa = PBXBuildFile; fileRef = FF970A6F282AB906000AF1D6 /* FeedUploadModel.swift */; };
		FF970A72282ABAA1000AF1D6 /* FeedUploadDataManager.swift in Sources */ = {isa = PBXBuildFile; fileRef = FF970A71282ABAA1000AF1D6 /* FeedUploadDataManager.swift */; };
		FF970A75282B4023000AF1D6 /* UserFeedModel.swift in Sources */ = {isa = PBXBuildFile; fileRef = FF970A74282B4023000AF1D6 /* UserFeedModel.swift */; };
		FF970A77282B44E4000AF1D6 /* UserFeedDataManager.swift in Sources */ = {isa = PBXBuildFile; fileRef = FF970A76282B44E4000AF1D6 /* UserFeedDataManager.swift */; };
		FF970A7C282B5BF8000AF1D6 /* DeleteUserFeed.swift in Sources */ = {isa = PBXBuildFile; fileRef = FF970A7B282B5BF8000AF1D6 /* DeleteUserFeed.swift */; };
		FF970A7E282C1604000AF1D6 /* ReelsViewController.swift in Sources */ = {isa = PBXBuildFile; fileRef = FF970A7D282C1604000AF1D6 /* ReelsViewController.swift */; };
		FFDBE72E282DF0F50016C5A9 /* ReelsCell.swift in Sources */ = {isa = PBXBuildFile; fileRef = FFDBE72D282DF0F50016C5A9 /* ReelsCell.swift */; };
		FFDBE732282DF4EA0016C5A9 /* VideoPlayerView.swift in Sources */ = {isa = PBXBuildFile; fileRef = FFDBE731282DF4EA0016C5A9 /* VideoPlayerView.swift */; };
		FFDBE735282DFFCD0016C5A9 /* dummyVideo.mp4 in Resources */ = {isa = PBXBuildFile; fileRef = FFDBE733282DFC000016C5A9 /* dummyVideo.mp4 */; };
		FFDBE736282DFFD00016C5A9 /* dummyVideo02.mp4 in Resources */ = {isa = PBXBuildFile; fileRef = FFDBE734282DFC510016C5A9 /* dummyVideo02.mp4 */; };
		FFEADF8627F6DC0200548C6A /* Color+Extension.swift in Sources */ = {isa = PBXBuildFile; fileRef = FFEADF8527F6DC0200548C6A /* Color+Extension.swift */; };
		FFEADF8827F6DD8300548C6A /* LoginViewController.swift in Sources */ = {isa = PBXBuildFile; fileRef = FFEADF8727F6DD8300548C6A /* LoginViewController.swift */; };
		FFEADF8A27F6E2BE00548C6A /* RegisterViewController.swift in Sources */ = {isa = PBXBuildFile; fileRef = FFEADF8927F6E2BE00548C6A /* RegisterViewController.swift */; };
		FFEADF8C28000D7C00548C6A /* UIView+Extension.swift in Sources */ = {isa = PBXBuildFile; fileRef = FFEADF8B28000D7C00548C6A /* UIView+Extension.swift */; };
		FFEADF8E2800198600548C6A /* UIViewController+Extension.swift in Sources */ = {isa = PBXBuildFile; fileRef = FFEADF8D2800198600548C6A /* UIViewController+Extension.swift */; };
		FFF1938A27E328B200222CD2 /* AppDelegate.swift in Sources */ = {isa = PBXBuildFile; fileRef = FFF1938927E328B100222CD2 /* AppDelegate.swift */; };
		FFF1938C27E328B200222CD2 /* SceneDelegate.swift in Sources */ = {isa = PBXBuildFile; fileRef = FFF1938B27E328B200222CD2 /* SceneDelegate.swift */; };
		FFF1939127E328B200222CD2 /* Main.storyboard in Resources */ = {isa = PBXBuildFile; fileRef = FFF1938F27E328B200222CD2 /* Main.storyboard */; };
		FFF1939327E328B900222CD2 /* Assets.xcassets in Resources */ = {isa = PBXBuildFile; fileRef = FFF1939227E328B900222CD2 /* Assets.xcassets */; };
		FFF1939627E328B900222CD2 /* LaunchScreen.storyboard in Resources */ = {isa = PBXBuildFile; fileRef = FFF1939427E328B900222CD2 /* LaunchScreen.storyboard */; };
		FFF193A127E328B900222CD2 /* catstagram_iosTests.swift in Sources */ = {isa = PBXBuildFile; fileRef = FFF193A027E328B900222CD2 /* catstagram_iosTests.swift */; };
		FFF193AB27E328B900222CD2 /* catstagram_iosUITests.swift in Sources */ = {isa = PBXBuildFile; fileRef = FFF193AA27E328B900222CD2 /* catstagram_iosUITests.swift */; };
		FFF193AD27E328B900222CD2 /* catstagram_iosUITestsLaunchTests.swift in Sources */ = {isa = PBXBuildFile; fileRef = FFF193AC27E328B900222CD2 /* catstagram_iosUITestsLaunchTests.swift */; };
/* End PBXBuildFile section */

/* Begin PBXContainerItemProxy section */
		FFF1939D27E328B900222CD2 /* PBXContainerItemProxy */ = {
			isa = PBXContainerItemProxy;
			containerPortal = FFF1937E27E328B100222CD2 /* Project object */;
			proxyType = 1;
			remoteGlobalIDString = FFF1938527E328B100222CD2;
			remoteInfo = catstagram_ios;
		};
		FFF193A727E328B900222CD2 /* PBXContainerItemProxy */ = {
			isa = PBXContainerItemProxy;
			containerPortal = FFF1937E27E328B100222CD2 /* Project object */;
			proxyType = 1;
			remoteGlobalIDString = FFF1938527E328B100222CD2;
			remoteInfo = catstagram_ios;
		};
/* End PBXContainerItemProxy section */

/* Begin PBXFileReference section */
		251DF7E70F5CDA4A8C8E2FC2 /* Pods-catstagram_ios.debug.xcconfig */ = {isa = PBXFileReference; includeInIndex = 1; lastKnownFileType = text.xcconfig; name = "Pods-catstagram_ios.debug.xcconfig"; path = "Target Support Files/Pods-catstagram_ios/Pods-catstagram_ios.debug.xcconfig"; sourceTree = "<group>"; };
		47947513E32FD342847F157F /* Pods-catstagram_ios.release.xcconfig */ = {isa = PBXFileReference; includeInIndex = 1; lastKnownFileType = text.xcconfig; name = "Pods-catstagram_ios.release.xcconfig"; path = "Target Support Files/Pods-catstagram_ios/Pods-catstagram_ios.release.xcconfig"; sourceTree = "<group>"; };
		5976198A286FF7D1932849A5 /* libPods-catstagram_iosTests.a */ = {isa = PBXFileReference; explicitFileType = archive.ar; includeInIndex = 0; path = "libPods-catstagram_iosTests.a"; sourceTree = BUILT_PRODUCTS_DIR; };
		68A221FDB831A3AB6D25E4E7 /* Pods-catstagram_iosTests.debug.xcconfig */ = {isa = PBXFileReference; includeInIndex = 1; lastKnownFileType = text.xcconfig; name = "Pods-catstagram_iosTests.debug.xcconfig"; path = "Target Support Files/Pods-catstagram_iosTests/Pods-catstagram_iosTests.debug.xcconfig"; sourceTree = "<group>"; };
		A02FB165C92E68ABBA4D0596 /* Pods-catstagram_ios-catstagram_iosUITests.debug.xcconfig */ = {isa = PBXFileReference; includeInIndex = 1; lastKnownFileType = text.xcconfig; name = "Pods-catstagram_ios-catstagram_iosUITests.debug.xcconfig"; path = "Target Support Files/Pods-catstagram_ios-catstagram_iosUITests/Pods-catstagram_ios-catstagram_iosUITests.debug.xcconfig"; sourceTree = "<group>"; };
		C32D9BAD5CF754136942129C /* libPods-catstagram_ios-catstagram_iosUITests.a */ = {isa = PBXFileReference; explicitFileType = archive.ar; includeInIndex = 0; path = "libPods-catstagram_ios-catstagram_iosUITests.a"; sourceTree = BUILT_PRODUCTS_DIR; };
		D2B75507F94494E783612224 /* Pods-catstagram_ios-catstagram_iosUITests.release.xcconfig */ = {isa = PBXFileReference; includeInIndex = 1; lastKnownFileType = text.xcconfig; name = "Pods-catstagram_ios-catstagram_iosUITests.release.xcconfig"; path = "Target Support Files/Pods-catstagram_ios-catstagram_iosUITests/Pods-catstagram_ios-catstagram_iosUITests.release.xcconfig"; sourceTree = "<group>"; };
		E81FB507C4F1F905B24F2BC0 /* Pods-catstagram_iosTests.release.xcconfig */ = {isa = PBXFileReference; includeInIndex = 1; lastKnownFileType = text.xcconfig; name = "Pods-catstagram_iosTests.release.xcconfig"; path = "Target Support Files/Pods-catstagram_iosTests/Pods-catstagram_iosTests.release.xcconfig"; sourceTree = "<group>"; };
		FA26A55CE1B039EF5EEFCC96 /* libPods-catstagram_ios.a */ = {isa = PBXFileReference; explicitFileType = archive.ar; includeInIndex = 0; path = "libPods-catstagram_ios.a"; sourceTree = BUILT_PRODUCTS_DIR; };
		FF821F18281AD3CE00CA2CCA /* UserInfo.swift */ = {isa = PBXFileReference; lastKnownFileType = sourcecode.swift; path = UserInfo.swift; sourceTree = "<group>"; };
		FF821F1F281CA7A700CA2CCA /* HomeViewController.swift */ = {isa = PBXFileReference; lastKnownFileType = sourcecode.swift; path = HomeViewController.swift; sourceTree = "<group>"; };
		FF821F22281CAB6400CA2CCA /* FeedTableViewCell.swift */ = {isa = PBXFileReference; lastKnownFileType = sourcecode.swift; path = FeedTableViewCell.swift; sourceTree = "<group>"; };
		FF821F23281CAB6400CA2CCA /* FeedTableViewCell.xib */ = {isa = PBXFileReference; lastKnownFileType = file.xib; path = FeedTableViewCell.xib; sourceTree = "<group>"; };
		FF821F26281D4FE700CA2CCA /* StoryTableViewCell.swift */ = {isa = PBXFileReference; lastKnownFileType = sourcecode.swift; path = StoryTableViewCell.swift; sourceTree = "<group>"; };
		FF821F27281D4FE700CA2CCA /* StoryTableViewCell.xib */ = {isa = PBXFileReference; lastKnownFileType = file.xib; path = StoryTableViewCell.xib; sourceTree = "<group>"; };
		FF821F2A281D592500CA2CCA /* StoryCollectionViewCell.swift */ = {isa = PBXFileReference; lastKnownFileType = sourcecode.swift; path = StoryCollectionViewCell.swift; sourceTree = "<group>"; };
		FF821F2B281D592500CA2CCA /* StoryCollectionViewCell.xib */ = {isa = PBXFileReference; lastKnownFileType = file.xib; path = StoryCollectionViewCell.xib; sourceTree = "<group>"; };
		FF821F2F281D725A00CA2CCA /* ProfileViewController.swift */ = {isa = PBXFileReference; lastKnownFileType = sourcecode.swift; path = ProfileViewController.swift; sourceTree = "<group>"; };
		FF821F32281D75BC00CA2CCA /* ProfileCollectionViewCell.swift */ = {isa = PBXFileReference; lastKnownFileType = sourcecode.swift; path = ProfileCollectionViewCell.swift; sourceTree = "<group>"; };
		FF821F33281D75BC00CA2CCA /* ProfileCollectionViewCell.xib */ = {isa = PBXFileReference; lastKnownFileType = file.xib; path = ProfileCollectionViewCell.xib; sourceTree = "<group>"; };
		FF821F3B281D8A1700CA2CCA /* PostCollectionViewCell.swift */ = {isa = PBXFileReference; lastKnownFileType = sourcecode.swift; path = PostCollectionViewCell.swift; sourceTree = "<group>"; };
		FF821F3C281D8A1700CA2CCA /* PostCollectionViewCell.xib */ = {isa = PBXFileReference; lastKnownFileType = file.xib; path = PostCollectionViewCell.xib; sourceTree = "<group>"; };
		FF970A66282A5817000AF1D6 /* FeedAPIInuput.swift */ = {isa = PBXFileReference; lastKnownFileType = sourcecode.swift; path = FeedAPIInuput.swift; sourceTree = "<group>"; };
		FF970A68282A5895000AF1D6 /* FeedModel.swift */ = {isa = PBXFileReference; lastKnownFileType = sourcecode.swift; path = FeedModel.swift; sourceTree = "<group>"; };
		FF970A6A282A58EC000AF1D6 /* FeedDataManager.swift */ = {isa = PBXFileReference; lastKnownFileType = sourcecode.swift; path = FeedDataManager.swift; sourceTree = "<group>"; };
		FF970A6D282AB88C000AF1D6 /* FeedUploadInput.swift */ = {isa = PBXFileReference; lastKnownFileType = sourcecode.swift; path = FeedUploadInput.swift; sourceTree = "<group>"; };
		FF970A6F282AB906000AF1D6 /* FeedUploadModel.swift */ = {isa = PBXFileReference; lastKnownFileType = sourcecode.swift; path = FeedUploadModel.swift; sourceTree = "<group>"; };
		FF970A71282ABAA1000AF1D6 /* FeedUploadDataManager.swift */ = {isa = PBXFileReference; lastKnownFileType = sourcecode.swift; path = FeedUploadDataManager.swift; sourceTree = "<group>"; };
		FF970A74282B4023000AF1D6 /* UserFeedModel.swift */ = {isa = PBXFileReference; lastKnownFileType = sourcecode.swift; path = UserFeedModel.swift; sourceTree = "<group>"; };
		FF970A76282B44E4000AF1D6 /* UserFeedDataManager.swift */ = {isa = PBXFileReference; lastKnownFileType = sourcecode.swift; path = UserFeedDataManager.swift; sourceTree = "<group>"; };
		FF970A7B282B5BF8000AF1D6 /* DeleteUserFeed.swift */ = {isa = PBXFileReference; lastKnownFileType = sourcecode.swift; path = DeleteUserFeed.swift; sourceTree = "<group>"; };
		FF970A7D282C1604000AF1D6 /* ReelsViewController.swift */ = {isa = PBXFileReference; lastKnownFileType = sourcecode.swift; path = ReelsViewController.swift; sourceTree = "<group>"; };
		FFDBE72D282DF0F50016C5A9 /* ReelsCell.swift */ = {isa = PBXFileReference; lastKnownFileType = sourcecode.swift; path = ReelsCell.swift; sourceTree = "<group>"; };
		FFDBE731282DF4EA0016C5A9 /* VideoPlayerView.swift */ = {isa = PBXFileReference; lastKnownFileType = sourcecode.swift; path = VideoPlayerView.swift; sourceTree = "<group>"; };
		FFDBE733282DFC000016C5A9 /* dummyVideo.mp4 */ = {isa = PBXFileReference; lastKnownFileType = file; name = dummyVideo.mp4; path = /Users/eunaahn/Documents/GitHub/Instagram_ios/catstagram_ios/catstagram_ios/../../../../../Downloads/dummyVideo.mp4; sourceTree = "<absolute>"; };
		FFDBE734282DFC510016C5A9 /* dummyVideo02.mp4 */ = {isa = PBXFileReference; lastKnownFileType = file; name = dummyVideo02.mp4; path = /Users/eunaahn/Documents/GitHub/Instagram_ios/catstagram_ios/catstagram_ios/../../../../../Downloads/dummyVideo02.mp4; sourceTree = "<absolute>"; };
		FFEADF8527F6DC0200548C6A /* Color+Extension.swift */ = {isa = PBXFileReference; lastKnownFileType = sourcecode.swift; path = "Color+Extension.swift"; sourceTree = "<group>"; };
		FFEADF8727F6DD8300548C6A /* LoginViewController.swift */ = {isa = PBXFileReference; lastKnownFileType = sourcecode.swift; path = LoginViewController.swift; sourceTree = "<group>"; };
		FFEADF8927F6E2BE00548C6A /* RegisterViewController.swift */ = {isa = PBXFileReference; lastKnownFileType = sourcecode.swift; path = RegisterViewController.swift; sourceTree = "<group>"; };
		FFEADF8B28000D7C00548C6A /* UIView+Extension.swift */ = {isa = PBXFileReference; lastKnownFileType = sourcecode.swift; path = "UIView+Extension.swift"; sourceTree = "<group>"; };
		FFEADF8D2800198600548C6A /* UIViewController+Extension.swift */ = {isa = PBXFileReference; lastKnownFileType = sourcecode.swift; path = "UIViewController+Extension.swift"; sourceTree = "<group>"; };
		FFF1938627E328B100222CD2 /* catstagram_ios.app */ = {isa = PBXFileReference; explicitFileType = wrapper.application; includeInIndex = 0; path = catstagram_ios.app; sourceTree = BUILT_PRODUCTS_DIR; };
		FFF1938927E328B100222CD2 /* AppDelegate.swift */ = {isa = PBXFileReference; lastKnownFileType = sourcecode.swift; path = AppDelegate.swift; sourceTree = "<group>"; };
		FFF1938B27E328B200222CD2 /* SceneDelegate.swift */ = {isa = PBXFileReference; lastKnownFileType = sourcecode.swift; path = SceneDelegate.swift; sourceTree = "<group>"; };
		FFF1939027E328B200222CD2 /* Base */ = {isa = PBXFileReference; lastKnownFileType = file.storyboard; name = Base; path = Base.lproj/Main.storyboard; sourceTree = "<group>"; };
		FFF1939227E328B900222CD2 /* Assets.xcassets */ = {isa = PBXFileReference; lastKnownFileType = folder.assetcatalog; path = Assets.xcassets; sourceTree = "<group>"; };
		FFF1939527E328B900222CD2 /* Base */ = {isa = PBXFileReference; lastKnownFileType = file.storyboard; name = Base; path = Base.lproj/LaunchScreen.storyboard; sourceTree = "<group>"; };
		FFF1939727E328B900222CD2 /* Info.plist */ = {isa = PBXFileReference; lastKnownFileType = text.plist.xml; path = Info.plist; sourceTree = "<group>"; };
		FFF1939C27E328B900222CD2 /* catstagram_iosTests.xctest */ = {isa = PBXFileReference; explicitFileType = wrapper.cfbundle; includeInIndex = 0; path = catstagram_iosTests.xctest; sourceTree = BUILT_PRODUCTS_DIR; };
		FFF193A027E328B900222CD2 /* catstagram_iosTests.swift */ = {isa = PBXFileReference; lastKnownFileType = sourcecode.swift; path = catstagram_iosTests.swift; sourceTree = "<group>"; };
		FFF193A627E328B900222CD2 /* catstagram_iosUITests.xctest */ = {isa = PBXFileReference; explicitFileType = wrapper.cfbundle; includeInIndex = 0; path = catstagram_iosUITests.xctest; sourceTree = BUILT_PRODUCTS_DIR; };
		FFF193AA27E328B900222CD2 /* catstagram_iosUITests.swift */ = {isa = PBXFileReference; lastKnownFileType = sourcecode.swift; path = catstagram_iosUITests.swift; sourceTree = "<group>"; };
		FFF193AC27E328B900222CD2 /* catstagram_iosUITestsLaunchTests.swift */ = {isa = PBXFileReference; lastKnownFileType = sourcecode.swift; path = catstagram_iosUITestsLaunchTests.swift; sourceTree = "<group>"; };
/* End PBXFileReference section */

/* Begin PBXFrameworksBuildPhase section */
		FFF1938327E328B100222CD2 /* Frameworks */ = {
			isa = PBXFrameworksBuildPhase;
			buildActionMask = 2147483647;
			files = (
				73F1795EA947912DF7B9BF35 /* libPods-catstagram_ios.a in Frameworks */,
			);
			runOnlyForDeploymentPostprocessing = 0;
		};
		FFF1939927E328B900222CD2 /* Frameworks */ = {
			isa = PBXFrameworksBuildPhase;
			buildActionMask = 2147483647;
			files = (
				CEDF7046208C449B94634E91 /* libPods-catstagram_iosTests.a in Frameworks */,
			);
			runOnlyForDeploymentPostprocessing = 0;
		};
		FFF193A327E328B900222CD2 /* Frameworks */ = {
			isa = PBXFrameworksBuildPhase;
			buildActionMask = 2147483647;
			files = (
				619DE2F37C677EF7B4C8EA1B /* libPods-catstagram_ios-catstagram_iosUITests.a in Frameworks */,
			);
			runOnlyForDeploymentPostprocessing = 0;
		};
/* End PBXFrameworksBuildPhase section */

/* Begin PBXGroup section */
		5C2F3E0E3C7BAFB2442718EF /* Frameworks */ = {
			isa = PBXGroup;
			children = (
				FA26A55CE1B039EF5EEFCC96 /* libPods-catstagram_ios.a */,
				C32D9BAD5CF754136942129C /* libPods-catstagram_ios-catstagram_iosUITests.a */,
				5976198A286FF7D1932849A5 /* libPods-catstagram_iosTests.a */,
			);
			name = Frameworks;
			sourceTree = "<group>";
		};
		CD11F860FE050CB9A1CF8F93 /* Pods */ = {
			isa = PBXGroup;
			children = (
				251DF7E70F5CDA4A8C8E2FC2 /* Pods-catstagram_ios.debug.xcconfig */,
				47947513E32FD342847F157F /* Pods-catstagram_ios.release.xcconfig */,
				A02FB165C92E68ABBA4D0596 /* Pods-catstagram_ios-catstagram_iosUITests.debug.xcconfig */,
				D2B75507F94494E783612224 /* Pods-catstagram_ios-catstagram_iosUITests.release.xcconfig */,
				68A221FDB831A3AB6D25E4E7 /* Pods-catstagram_iosTests.debug.xcconfig */,
				E81FB507C4F1F905B24F2BC0 /* Pods-catstagram_iosTests.release.xcconfig */,
			);
			path = Pods;
			sourceTree = "<group>";
		};
		FF821F1E281CA77100CA2CCA /* Home */ = {
			isa = PBXGroup;
			children = (
				FF970A6C282AB582000AF1D6 /* FeedUploadDataManager */,
				FF970A65282A57BA000AF1D6 /* FeedDataManager */,
				FF821F21281CAB3100CA2CCA /* Cell */,
				FF821F1F281CA7A700CA2CCA /* HomeViewController.swift */,
			);
			path = Home;
			sourceTree = "<group>";
		};
		FF821F21281CAB3100CA2CCA /* Cell */ = {
			isa = PBXGroup;
			children = (
				FF821F22281CAB6400CA2CCA /* FeedTableViewCell.swift */,
				FF821F23281CAB6400CA2CCA /* FeedTableViewCell.xib */,
				FF821F26281D4FE700CA2CCA /* StoryTableViewCell.swift */,
				FF821F27281D4FE700CA2CCA /* StoryTableViewCell.xib */,
				FF821F2A281D592500CA2CCA /* StoryCollectionViewCell.swift */,
				FF821F2B281D592500CA2CCA /* StoryCollectionViewCell.xib */,
			);
			path = Cell;
			sourceTree = "<group>";
		};
		FF821F2E281D722500CA2CCA /* Profile */ = {
			isa = PBXGroup;
			children = (
				FF970A73282B3FE6000AF1D6 /* UserFeedDataManager */,
				FF821F31281D758600CA2CCA /* Cell */,
				FF821F2F281D725A00CA2CCA /* ProfileViewController.swift */,
			);
			path = Profile;
			sourceTree = "<group>";
		};
		FF821F31281D758600CA2CCA /* Cell */ = {
			isa = PBXGroup;
			children = (
				FF821F38281D89CC00CA2CCA /* PostCell */,
				FF821F37281D89B200CA2CCA /* ProfileCell */,
			);
			path = Cell;
			sourceTree = "<group>";
		};
		FF821F37281D89B200CA2CCA /* ProfileCell */ = {
			isa = PBXGroup;
			children = (
				FF821F32281D75BC00CA2CCA /* ProfileCollectionViewCell.swift */,
				FF821F33281D75BC00CA2CCA /* ProfileCollectionViewCell.xib */,
			);
			path = ProfileCell;
			sourceTree = "<group>";
		};
		FF821F38281D89CC00CA2CCA /* PostCell */ = {
			isa = PBXGroup;
			children = (
				FF821F3B281D8A1700CA2CCA /* PostCollectionViewCell.swift */,
				FF821F3C281D8A1700CA2CCA /* PostCollectionViewCell.xib */,
			);
			path = PostCell;
			sourceTree = "<group>";
		};
		FF970A65282A57BA000AF1D6 /* FeedDataManager */ = {
			isa = PBXGroup;
			children = (
				FF970A66282A5817000AF1D6 /* FeedAPIInuput.swift */,
				FF970A68282A5895000AF1D6 /* FeedModel.swift */,
				FF970A6A282A58EC000AF1D6 /* FeedDataManager.swift */,
			);
			path = FeedDataManager;
			sourceTree = "<group>";
		};
		FF970A6C282AB582000AF1D6 /* FeedUploadDataManager */ = {
			isa = PBXGroup;
			children = (
				FF970A6D282AB88C000AF1D6 /* FeedUploadInput.swift */,
				FF970A6F282AB906000AF1D6 /* FeedUploadModel.swift */,
				FF970A71282ABAA1000AF1D6 /* FeedUploadDataManager.swift */,
			);
			path = FeedUploadDataManager;
			sourceTree = "<group>";
		};
		FF970A73282B3FE6000AF1D6 /* UserFeedDataManager */ = {
			isa = PBXGroup;
			children = (
				FF970A78282B5BAA000AF1D6 /* UserFeedDelete */,
				FF970A74282B4023000AF1D6 /* UserFeedModel.swift */,
				FF970A76282B44E4000AF1D6 /* UserFeedDataManager.swift */,
			);
			path = UserFeedDataManager;
			sourceTree = "<group>";
		};
		FF970A78282B5BAA000AF1D6 /* UserFeedDelete */ = {
			isa = PBXGroup;
			children = (
				FF970A7B282B5BF8000AF1D6 /* DeleteUserFeed.swift */,
			);
			path = UserFeedDelete;
			sourceTree = "<group>";
		};
		FFF1937D27E328B100222CD2 = {
			isa = PBXGroup;
			children = (
				FFF1938827E328B100222CD2 /* catstagram_ios */,
				FFF1939F27E328B900222CD2 /* catstagram_iosTests */,
				FFF193A927E328B900222CD2 /* catstagram_iosUITests */,
				FFF1938727E328B100222CD2 /* Products */,
				CD11F860FE050CB9A1CF8F93 /* Pods */,
				5C2F3E0E3C7BAFB2442718EF /* Frameworks */,
			);
			sourceTree = "<group>";
		};
		FFF1938727E328B100222CD2 /* Products */ = {
			isa = PBXGroup;
			children = (
				FFF1938627E328B100222CD2 /* catstagram_ios.app */,
				FFF1939C27E328B900222CD2 /* catstagram_iosTests.xctest */,
				FFF193A627E328B900222CD2 /* catstagram_iosUITests.xctest */,
			);
			name = Products;
			sourceTree = "<group>";
		};
		FFF1938827E328B100222CD2 /* catstagram_ios */ = {
			isa = PBXGroup;
			children = (
				FF821F2E281D722500CA2CCA /* Profile */,
				FF821F1E281CA77100CA2CCA /* Home */,
				FFF1938927E328B100222CD2 /* AppDelegate.swift */,
				FFF1938B27E328B200222CD2 /* SceneDelegate.swift */,
				FFEADF8527F6DC0200548C6A /* Color+Extension.swift */,
				FFEADF8B28000D7C00548C6A /* UIView+Extension.swift */,
				FFEADF8D2800198600548C6A /* UIViewController+Extension.swift */,
				FFF1938F27E328B200222CD2 /* Main.storyboard */,
				FF970A7D282C1604000AF1D6 /* ReelsViewController.swift */,
				FFDBE72D282DF0F50016C5A9 /* ReelsCell.swift */,
				FFDBE731282DF4EA0016C5A9 /* VideoPlayerView.swift */,
				FFEADF8727F6DD8300548C6A /* LoginViewController.swift */,
				FFEADF8927F6E2BE00548C6A /* RegisterViewController.swift */,
				FF821F18281AD3CE00CA2CCA /* UserInfo.swift */,
				FFDBE733282DFC000016C5A9 /* dummyVideo.mp4 */,
				FFDBE734282DFC510016C5A9 /* dummyVideo02.mp4 */,
				FFF1939227E328B900222CD2 /* Assets.xcassets */,
				FFF1939427E328B900222CD2 /* LaunchScreen.storyboard */,
				FFF1939727E328B900222CD2 /* Info.plist */,
			);
			path = catstagram_ios;
			sourceTree = "<group>";
		};
		FFF1939F27E328B900222CD2 /* catstagram_iosTests */ = {
			isa = PBXGroup;
			children = (
				FFF193A027E328B900222CD2 /* catstagram_iosTests.swift */,
			);
			path = catstagram_iosTests;
			sourceTree = "<group>";
		};
		FFF193A927E328B900222CD2 /* catstagram_iosUITests */ = {
			isa = PBXGroup;
			children = (
				FFF193AA27E328B900222CD2 /* catstagram_iosUITests.swift */,
				FFF193AC27E328B900222CD2 /* catstagram_iosUITestsLaunchTests.swift */,
			);
			path = catstagram_iosUITests;
			sourceTree = "<group>";
		};
/* End PBXGroup section */

/* Begin PBXNativeTarget section */
		FFF1938527E328B100222CD2 /* catstagram_ios */ = {
			isa = PBXNativeTarget;
			buildConfigurationList = FFF193B027E328B900222CD2 /* Build configuration list for PBXNativeTarget "catstagram_ios" */;
			buildPhases = (
				E048FC11C11DFE442914E634 /* [CP] Check Pods Manifest.lock */,
				FFF1938227E328B100222CD2 /* Sources */,
				FFF1938327E328B100222CD2 /* Frameworks */,
				FFF1938427E328B100222CD2 /* Resources */,
			);
			buildRules = (
			);
			dependencies = (
			);
			name = catstagram_ios;
			productName = catstagram_ios;
			productReference = FFF1938627E328B100222CD2 /* catstagram_ios.app */;
			productType = "com.apple.product-type.application";
		};
		FFF1939B27E328B900222CD2 /* catstagram_iosTests */ = {
			isa = PBXNativeTarget;
			buildConfigurationList = FFF193B327E328B900222CD2 /* Build configuration list for PBXNativeTarget "catstagram_iosTests" */;
			buildPhases = (
				9C38CE8C5B8E470FD8A1C15D /* [CP] Check Pods Manifest.lock */,
				FFF1939827E328B900222CD2 /* Sources */,
				FFF1939927E328B900222CD2 /* Frameworks */,
				FFF1939A27E328B900222CD2 /* Resources */,
			);
			buildRules = (
			);
			dependencies = (
				FFF1939E27E328B900222CD2 /* PBXTargetDependency */,
			);
			name = catstagram_iosTests;
			productName = catstagram_iosTests;
			productReference = FFF1939C27E328B900222CD2 /* catstagram_iosTests.xctest */;
			productType = "com.apple.product-type.bundle.unit-test";
		};
		FFF193A527E328B900222CD2 /* catstagram_iosUITests */ = {
			isa = PBXNativeTarget;
			buildConfigurationList = FFF193B627E328B900222CD2 /* Build configuration list for PBXNativeTarget "catstagram_iosUITests" */;
			buildPhases = (
				953FCBCADA2D503FE0D809B2 /* [CP] Check Pods Manifest.lock */,
				FFF193A227E328B900222CD2 /* Sources */,
				FFF193A327E328B900222CD2 /* Frameworks */,
				FFF193A427E328B900222CD2 /* Resources */,
			);
			buildRules = (
			);
			dependencies = (
				FFF193A827E328B900222CD2 /* PBXTargetDependency */,
			);
			name = catstagram_iosUITests;
			productName = catstagram_iosUITests;
			productReference = FFF193A627E328B900222CD2 /* catstagram_iosUITests.xctest */;
			productType = "com.apple.product-type.bundle.ui-testing";
		};
/* End PBXNativeTarget section */

/* Begin PBXProject section */
		FFF1937E27E328B100222CD2 /* Project object */ = {
			isa = PBXProject;
			attributes = {
				BuildIndependentTargetsInParallel = 1;
				LastSwiftUpdateCheck = 1310;
				LastUpgradeCheck = 1310;
				TargetAttributes = {
					FFF1938527E328B100222CD2 = {
						CreatedOnToolsVersion = 13.1;
					};
					FFF1939B27E328B900222CD2 = {
						CreatedOnToolsVersion = 13.1;
						TestTargetID = FFF1938527E328B100222CD2;
					};
					FFF193A527E328B900222CD2 = {
						CreatedOnToolsVersion = 13.1;
						TestTargetID = FFF1938527E328B100222CD2;
					};
				};
			};
			buildConfigurationList = FFF1938127E328B100222CD2 /* Build configuration list for PBXProject "catstagram_ios" */;
			compatibilityVersion = "Xcode 12.0";
			developmentRegion = en;
			hasScannedForEncodings = 0;
			knownRegions = (
				en,
				Base,
			);
			mainGroup = FFF1937D27E328B100222CD2;
			productRefGroup = FFF1938727E328B100222CD2 /* Products */;
			projectDirPath = "";
			projectRoot = "";
			targets = (
				FFF1938527E328B100222CD2 /* catstagram_ios */,
				FFF1939B27E328B900222CD2 /* catstagram_iosTests */,
				FFF193A527E328B900222CD2 /* catstagram_iosUITests */,
			);
		};
/* End PBXProject section */

/* Begin PBXResourcesBuildPhase section */
		FFF1938427E328B100222CD2 /* Resources */ = {
			isa = PBXResourcesBuildPhase;
			buildActionMask = 2147483647;
			files = (
				FF821F3E281D8A1700CA2CCA /* PostCollectionViewCell.xib in Resources */,
				FFF1939627E328B900222CD2 /* LaunchScreen.storyboard in Resources */,
				FFDBE736282DFFD00016C5A9 /* dummyVideo02.mp4 in Resources */,
				FF821F25281CAB6400CA2CCA /* FeedTableViewCell.xib in Resources */,
				FFDBE735282DFFCD0016C5A9 /* dummyVideo.mp4 in Resources */,
				FFF1939327E328B900222CD2 /* Assets.xcassets in Resources */,
				FF821F35281D75BC00CA2CCA /* ProfileCollectionViewCell.xib in Resources */,
				FF821F29281D4FE700CA2CCA /* StoryTableViewCell.xib in Resources */,
				FF821F2D281D592500CA2CCA /* StoryCollectionViewCell.xib in Resources */,
				FFF1939127E328B200222CD2 /* Main.storyboard in Resources */,
			);
			runOnlyForDeploymentPostprocessing = 0;
		};
		FFF1939A27E328B900222CD2 /* Resources */ = {
			isa = PBXResourcesBuildPhase;
			buildActionMask = 2147483647;
			files = (
			);
			runOnlyForDeploymentPostprocessing = 0;
		};
		FFF193A427E328B900222CD2 /* Resources */ = {
			isa = PBXResourcesBuildPhase;
			buildActionMask = 2147483647;
			files = (
			);
			runOnlyForDeploymentPostprocessing = 0;
		};
/* End PBXResourcesBuildPhase section */

/* Begin PBXShellScriptBuildPhase section */
		953FCBCADA2D503FE0D809B2 /* [CP] Check Pods Manifest.lock */ = {
			isa = PBXShellScriptBuildPhase;
			buildActionMask = 2147483647;
			files = (
			);
			inputFileListPaths = (
			);
			inputPaths = (
				"${PODS_PODFILE_DIR_PATH}/Podfile.lock",
				"${PODS_ROOT}/Manifest.lock",
			);
			name = "[CP] Check Pods Manifest.lock";
			outputFileListPaths = (
			);
			outputPaths = (
				"$(DERIVED_FILE_DIR)/Pods-catstagram_ios-catstagram_iosUITests-checkManifestLockResult.txt",
			);
			runOnlyForDeploymentPostprocessing = 0;
			shellPath = /bin/sh;
			shellScript = "diff \"${PODS_PODFILE_DIR_PATH}/Podfile.lock\" \"${PODS_ROOT}/Manifest.lock\" > /dev/null\nif [ $? != 0 ] ; then\n    # print error to STDERR\n    echo \"error: The sandbox is not in sync with the Podfile.lock. Run 'pod install' or update your CocoaPods installation.\" >&2\n    exit 1\nfi\n# This output is used by Xcode 'outputs' to avoid re-running this script phase.\necho \"SUCCESS\" > \"${SCRIPT_OUTPUT_FILE_0}\"\n";
			showEnvVarsInLog = 0;
		};
		9C38CE8C5B8E470FD8A1C15D /* [CP] Check Pods Manifest.lock */ = {
			isa = PBXShellScriptBuildPhase;
			buildActionMask = 2147483647;
			files = (
			);
			inputFileListPaths = (
			);
			inputPaths = (
				"${PODS_PODFILE_DIR_PATH}/Podfile.lock",
				"${PODS_ROOT}/Manifest.lock",
			);
			name = "[CP] Check Pods Manifest.lock";
			outputFileListPaths = (
			);
			outputPaths = (
				"$(DERIVED_FILE_DIR)/Pods-catstagram_iosTests-checkManifestLockResult.txt",
			);
			runOnlyForDeploymentPostprocessing = 0;
			shellPath = /bin/sh;
			shellScript = "diff \"${PODS_PODFILE_DIR_PATH}/Podfile.lock\" \"${PODS_ROOT}/Manifest.lock\" > /dev/null\nif [ $? != 0 ] ; then\n    # print error to STDERR\n    echo \"error: The sandbox is not in sync with the Podfile.lock. Run 'pod install' or update your CocoaPods installation.\" >&2\n    exit 1\nfi\n# This output is used by Xcode 'outputs' to avoid re-running this script phase.\necho \"SUCCESS\" > \"${SCRIPT_OUTPUT_FILE_0}\"\n";
			showEnvVarsInLog = 0;
		};
		E048FC11C11DFE442914E634 /* [CP] Check Pods Manifest.lock */ = {
			isa = PBXShellScriptBuildPhase;
			buildActionMask = 2147483647;
			files = (
			);
			inputFileListPaths = (
			);
			inputPaths = (
				"${PODS_PODFILE_DIR_PATH}/Podfile.lock",
				"${PODS_ROOT}/Manifest.lock",
			);
			name = "[CP] Check Pods Manifest.lock";
			outputFileListPaths = (
			);
			outputPaths = (
				"$(DERIVED_FILE_DIR)/Pods-catstagram_ios-checkManifestLockResult.txt",
			);
			runOnlyForDeploymentPostprocessing = 0;
			shellPath = /bin/sh;
			shellScript = "diff \"${PODS_PODFILE_DIR_PATH}/Podfile.lock\" \"${PODS_ROOT}/Manifest.lock\" > /dev/null\nif [ $? != 0 ] ; then\n    # print error to STDERR\n    echo \"error: The sandbox is not in sync with the Podfile.lock. Run 'pod install' or update your CocoaPods installation.\" >&2\n    exit 1\nfi\n# This output is used by Xcode 'outputs' to avoid re-running this script phase.\necho \"SUCCESS\" > \"${SCRIPT_OUTPUT_FILE_0}\"\n";
			showEnvVarsInLog = 0;
		};
/* End PBXShellScriptBuildPhase section */

/* Begin PBXSourcesBuildPhase section */
		FFF1938227E328B100222CD2 /* Sources */ = {
			isa = PBXSourcesBuildPhase;
			buildActionMask = 2147483647;
			files = (
				FFEADF8C28000D7C00548C6A /* UIView+Extension.swift in Sources */,
				FF970A67282A5817000AF1D6 /* FeedAPIInuput.swift in Sources */,
				FF970A70282AB906000AF1D6 /* FeedUploadModel.swift in Sources */,
				FF970A77282B44E4000AF1D6 /* UserFeedDataManager.swift in Sources */,
				FF970A69282A5895000AF1D6 /* FeedModel.swift in Sources */,
				FFEADF8827F6DD8300548C6A /* LoginViewController.swift in Sources */,
				FF970A6E282AB88C000AF1D6 /* FeedUploadInput.swift in Sources */,
				FF970A75282B4023000AF1D6 /* UserFeedModel.swift in Sources */,
				FFEADF8A27F6E2BE00548C6A /* RegisterViewController.swift in Sources */,
				FF821F28281D4FE700CA2CCA /* StoryTableViewCell.swift in Sources */,
				FF821F2C281D592500CA2CCA /* StoryCollectionViewCell.swift in Sources */,
				FFDBE72E282DF0F50016C5A9 /* ReelsCell.swift in Sources */,
				FF821F3D281D8A1700CA2CCA /* PostCollectionViewCell.swift in Sources */,
				FFF1938A27E328B200222CD2 /* AppDelegate.swift in Sources */,
				FF821F19281AD3CE00CA2CCA /* UserInfo.swift in Sources */,
				FF970A72282ABAA1000AF1D6 /* FeedUploadDataManager.swift in Sources */,
				FF821F20281CA7A700CA2CCA /* HomeViewController.swift in Sources */,
				FF970A7E282C1604000AF1D6 /* ReelsViewController.swift in Sources */,
				FFEADF8E2800198600548C6A /* UIViewController+Extension.swift in Sources */,
				FFF1938C27E328B200222CD2 /* SceneDelegate.swift in Sources */,
				FF821F34281D75BC00CA2CCA /* ProfileCollectionViewCell.swift in Sources */,
				FF821F30281D725A00CA2CCA /* ProfileViewController.swift in Sources */,
				FF970A6B282A58EC000AF1D6 /* FeedDataManager.swift in Sources */,
				FF970A7C282B5BF8000AF1D6 /* DeleteUserFeed.swift in Sources */,
				FFEADF8627F6DC0200548C6A /* Color+Extension.swift in Sources */,
				FF821F24281CAB6400CA2CCA /* FeedTableViewCell.swift in Sources */,
				FFDBE732282DF4EA0016C5A9 /* VideoPlayerView.swift in Sources */,
			);
			runOnlyForDeploymentPostprocessing = 0;
		};
		FFF1939827E328B900222CD2 /* Sources */ = {
			isa = PBXSourcesBuildPhase;
			buildActionMask = 2147483647;
			files = (
				FFF193A127E328B900222CD2 /* catstagram_iosTests.swift in Sources */,
			);
			runOnlyForDeploymentPostprocessing = 0;
		};
		FFF193A227E328B900222CD2 /* Sources */ = {
			isa = PBXSourcesBuildPhase;
			buildActionMask = 2147483647;
			files = (
				FFF193AB27E328B900222CD2 /* catstagram_iosUITests.swift in Sources */,
				FFF193AD27E328B900222CD2 /* catstagram_iosUITestsLaunchTests.swift in Sources */,
			);
			runOnlyForDeploymentPostprocessing = 0;
		};
/* End PBXSourcesBuildPhase section */

/* Begin PBXTargetDependency section */
		FFF1939E27E328B900222CD2 /* PBXTargetDependency */ = {
			isa = PBXTargetDependency;
			target = FFF1938527E328B100222CD2 /* catstagram_ios */;
			targetProxy = FFF1939D27E328B900222CD2 /* PBXContainerItemProxy */;
		};
		FFF193A827E328B900222CD2 /* PBXTargetDependency */ = {
			isa = PBXTargetDependency;
			target = FFF1938527E328B100222CD2 /* catstagram_ios */;
			targetProxy = FFF193A727E328B900222CD2 /* PBXContainerItemProxy */;
		};
/* End PBXTargetDependency section */

/* Begin PBXVariantGroup section */
		FFF1938F27E328B200222CD2 /* Main.storyboard */ = {
			isa = PBXVariantGroup;
			children = (
				FFF1939027E328B200222CD2 /* Base */,
			);
			name = Main.storyboard;
			sourceTree = "<group>";
		};
		FFF1939427E328B900222CD2 /* LaunchScreen.storyboard */ = {
			isa = PBXVariantGroup;
			children = (
				FFF1939527E328B900222CD2 /* Base */,
			);
			name = LaunchScreen.storyboard;
			sourceTree = "<group>";
		};
/* End PBXVariantGroup section */

/* Begin XCBuildConfiguration section */
		FFF193AE27E328B900222CD2 /* Debug */ = {
			isa = XCBuildConfiguration;
			buildSettings = {
				ALWAYS_SEARCH_USER_PATHS = NO;
				CLANG_ANALYZER_NONNULL = YES;
				CLANG_ANALYZER_NUMBER_OBJECT_CONVERSION = YES_AGGRESSIVE;
				CLANG_CXX_LANGUAGE_STANDARD = "gnu++17";
				CLANG_CXX_LIBRARY = "libc++";
				CLANG_ENABLE_MODULES = YES;
				CLANG_ENABLE_OBJC_ARC = YES;
				CLANG_ENABLE_OBJC_WEAK = YES;
				CLANG_WARN_BLOCK_CAPTURE_AUTORELEASING = YES;
				CLANG_WARN_BOOL_CONVERSION = YES;
				CLANG_WARN_COMMA = YES;
				CLANG_WARN_CONSTANT_CONVERSION = YES;
				CLANG_WARN_DEPRECATED_OBJC_IMPLEMENTATIONS = YES;
				CLANG_WARN_DIRECT_OBJC_ISA_USAGE = YES_ERROR;
				CLANG_WARN_DOCUMENTATION_COMMENTS = YES;
				CLANG_WARN_EMPTY_BODY = YES;
				CLANG_WARN_ENUM_CONVERSION = YES;
				CLANG_WARN_INFINITE_RECURSION = YES;
				CLANG_WARN_INT_CONVERSION = YES;
				CLANG_WARN_NON_LITERAL_NULL_CONVERSION = YES;
				CLANG_WARN_OBJC_IMPLICIT_RETAIN_SELF = YES;
				CLANG_WARN_OBJC_LITERAL_CONVERSION = YES;
				CLANG_WARN_OBJC_ROOT_CLASS = YES_ERROR;
				CLANG_WARN_QUOTED_INCLUDE_IN_FRAMEWORK_HEADER = YES;
				CLANG_WARN_RANGE_LOOP_ANALYSIS = YES;
				CLANG_WARN_STRICT_PROTOTYPES = YES;
				CLANG_WARN_SUSPICIOUS_MOVE = YES;
				CLANG_WARN_UNGUARDED_AVAILABILITY = YES_AGGRESSIVE;
				CLANG_WARN_UNREACHABLE_CODE = YES;
				CLANG_WARN__DUPLICATE_METHOD_MATCH = YES;
				COPY_PHASE_STRIP = NO;
				DEBUG_INFORMATION_FORMAT = dwarf;
				ENABLE_STRICT_OBJC_MSGSEND = YES;
				ENABLE_TESTABILITY = YES;
				GCC_C_LANGUAGE_STANDARD = gnu11;
				GCC_DYNAMIC_NO_PIC = NO;
				GCC_NO_COMMON_BLOCKS = YES;
				GCC_OPTIMIZATION_LEVEL = 0;
				GCC_PREPROCESSOR_DEFINITIONS = (
					"DEBUG=1",
					"$(inherited)",
				);
				GCC_WARN_64_TO_32_BIT_CONVERSION = YES;
				GCC_WARN_ABOUT_RETURN_TYPE = YES_ERROR;
				GCC_WARN_UNDECLARED_SELECTOR = YES;
				GCC_WARN_UNINITIALIZED_AUTOS = YES_AGGRESSIVE;
				GCC_WARN_UNUSED_FUNCTION = YES;
				GCC_WARN_UNUSED_VARIABLE = YES;
				IPHONEOS_DEPLOYMENT_TARGET = 15.0;
				MTL_ENABLE_DEBUG_INFO = INCLUDE_SOURCE;
				MTL_FAST_MATH = YES;
				ONLY_ACTIVE_ARCH = YES;
				SDKROOT = iphoneos;
				SWIFT_ACTIVE_COMPILATION_CONDITIONS = DEBUG;
				SWIFT_OPTIMIZATION_LEVEL = "-Onone";
			};
			name = Debug;
		};
		FFF193AF27E328B900222CD2 /* Release */ = {
			isa = XCBuildConfiguration;
			buildSettings = {
				ALWAYS_SEARCH_USER_PATHS = NO;
				CLANG_ANALYZER_NONNULL = YES;
				CLANG_ANALYZER_NUMBER_OBJECT_CONVERSION = YES_AGGRESSIVE;
				CLANG_CXX_LANGUAGE_STANDARD = "gnu++17";
				CLANG_CXX_LIBRARY = "libc++";
				CLANG_ENABLE_MODULES = YES;
				CLANG_ENABLE_OBJC_ARC = YES;
				CLANG_ENABLE_OBJC_WEAK = YES;
				CLANG_WARN_BLOCK_CAPTURE_AUTORELEASING = YES;
				CLANG_WARN_BOOL_CONVERSION = YES;
				CLANG_WARN_COMMA = YES;
				CLANG_WARN_CONSTANT_CONVERSION = YES;
				CLANG_WARN_DEPRECATED_OBJC_IMPLEMENTATIONS = YES;
				CLANG_WARN_DIRECT_OBJC_ISA_USAGE = YES_ERROR;
				CLANG_WARN_DOCUMENTATION_COMMENTS = YES;
				CLANG_WARN_EMPTY_BODY = YES;
				CLANG_WARN_ENUM_CONVERSION = YES;
				CLANG_WARN_INFINITE_RECURSION = YES;
				CLANG_WARN_INT_CONVERSION = YES;
				CLANG_WARN_NON_LITERAL_NULL_CONVERSION = YES;
				CLANG_WARN_OBJC_IMPLICIT_RETAIN_SELF = YES;
				CLANG_WARN_OBJC_LITERAL_CONVERSION = YES;
				CLANG_WARN_OBJC_ROOT_CLASS = YES_ERROR;
				CLANG_WARN_QUOTED_INCLUDE_IN_FRAMEWORK_HEADER = YES;
				CLANG_WARN_RANGE_LOOP_ANALYSIS = YES;
				CLANG_WARN_STRICT_PROTOTYPES = YES;
				CLANG_WARN_SUSPICIOUS_MOVE = YES;
				CLANG_WARN_UNGUARDED_AVAILABILITY = YES_AGGRESSIVE;
				CLANG_WARN_UNREACHABLE_CODE = YES;
				CLANG_WARN__DUPLICATE_METHOD_MATCH = YES;
				COPY_PHASE_STRIP = NO;
				DEBUG_INFORMATION_FORMAT = "dwarf-with-dsym";
				ENABLE_NS_ASSERTIONS = NO;
				ENABLE_STRICT_OBJC_MSGSEND = YES;
				GCC_C_LANGUAGE_STANDARD = gnu11;
				GCC_NO_COMMON_BLOCKS = YES;
				GCC_WARN_64_TO_32_BIT_CONVERSION = YES;
				GCC_WARN_ABOUT_RETURN_TYPE = YES_ERROR;
				GCC_WARN_UNDECLARED_SELECTOR = YES;
				GCC_WARN_UNINITIALIZED_AUTOS = YES_AGGRESSIVE;
				GCC_WARN_UNUSED_FUNCTION = YES;
				GCC_WARN_UNUSED_VARIABLE = YES;
				IPHONEOS_DEPLOYMENT_TARGET = 15.0;
				MTL_ENABLE_DEBUG_INFO = NO;
				MTL_FAST_MATH = YES;
				SDKROOT = iphoneos;
				SWIFT_COMPILATION_MODE = wholemodule;
				SWIFT_OPTIMIZATION_LEVEL = "-O";
				VALIDATE_PRODUCT = YES;
			};
			name = Release;
		};
		FFF193B127E328B900222CD2 /* Debug */ = {
			isa = XCBuildConfiguration;
			baseConfigurationReference = 251DF7E70F5CDA4A8C8E2FC2 /* Pods-catstagram_ios.debug.xcconfig */;
			buildSettings = {
				ASSETCATALOG_COMPILER_APPICON_NAME = AppIcon;
				ASSETCATALOG_COMPILER_GLOBAL_ACCENT_COLOR_NAME = AccentColor;
				CODE_SIGN_STYLE = Automatic;
				CURRENT_PROJECT_VERSION = 1;
				DEVELOPMENT_TEAM = L7ZDVPAZ3R;
				GENERATE_INFOPLIST_FILE = YES;
				INFOPLIST_FILE = catstagram_ios/Info.plist;
				INFOPLIST_KEY_UIApplicationSupportsIndirectInputEvents = YES;
				INFOPLIST_KEY_UILaunchStoryboardName = LaunchScreen;
				INFOPLIST_KEY_UIMainStoryboardFile = Main;
				INFOPLIST_KEY_UISupportedInterfaceOrientations_iPad = "UIInterfaceOrientationPortrait UIInterfaceOrientationPortraitUpsideDown UIInterfaceOrientationLandscapeLeft UIInterfaceOrientationLandscapeRight";
				INFOPLIST_KEY_UISupportedInterfaceOrientations_iPhone = "UIInterfaceOrientationPortrait UIInterfaceOrientationLandscapeLeft UIInterfaceOrientationLandscapeRight";
				LD_RUNPATH_SEARCH_PATHS = (
					"$(inherited)",
					"@executable_path/Frameworks",
				);
				MARKETING_VERSION = 1.0;
				PRODUCT_BUNDLE_IDENTIFIER = "com.eunaahn.catstagram-ios";
				PRODUCT_NAME = "$(TARGET_NAME)";
				SWIFT_EMIT_LOC_STRINGS = YES;
				SWIFT_VERSION = 5.0;
				TARGETED_DEVICE_FAMILY = "1,2";
			};
			name = Debug;
		};
		FFF193B227E328B900222CD2 /* Release */ = {
			isa = XCBuildConfiguration;
			baseConfigurationReference = 47947513E32FD342847F157F /* Pods-catstagram_ios.release.xcconfig */;
			buildSettings = {
				ASSETCATALOG_COMPILER_APPICON_NAME = AppIcon;
				ASSETCATALOG_COMPILER_GLOBAL_ACCENT_COLOR_NAME = AccentColor;
				CODE_SIGN_STYLE = Automatic;
				CURRENT_PROJECT_VERSION = 1;
				DEVELOPMENT_TEAM = L7ZDVPAZ3R;
				GENERATE_INFOPLIST_FILE = YES;
				INFOPLIST_FILE = catstagram_ios/Info.plist;
				INFOPLIST_KEY_UIApplicationSupportsIndirectInputEvents = YES;
				INFOPLIST_KEY_UILaunchStoryboardName = LaunchScreen;
				INFOPLIST_KEY_UIMainStoryboardFile = Main;
				INFOPLIST_KEY_UISupportedInterfaceOrientations_iPad = "UIInterfaceOrientationPortrait UIInterfaceOrientationPortraitUpsideDown UIInterfaceOrientationLandscapeLeft UIInterfaceOrientationLandscapeRight";
				INFOPLIST_KEY_UISupportedInterfaceOrientations_iPhone = "UIInterfaceOrientationPortrait UIInterfaceOrientationLandscapeLeft UIInterfaceOrientationLandscapeRight";
				LD_RUNPATH_SEARCH_PATHS = (
					"$(inherited)",
					"@executable_path/Frameworks",
				);
				MARKETING_VERSION = 1.0;
				PRODUCT_BUNDLE_IDENTIFIER = "com.eunaahn.catstagram-ios";
				PRODUCT_NAME = "$(TARGET_NAME)";
				SWIFT_EMIT_LOC_STRINGS = YES;
				SWIFT_VERSION = 5.0;
				TARGETED_DEVICE_FAMILY = "1,2";
			};
			name = Release;
		};
		FFF193B427E328B900222CD2 /* Debug */ = {
			isa = XCBuildConfiguration;
			baseConfigurationReference = 68A221FDB831A3AB6D25E4E7 /* Pods-catstagram_iosTests.debug.xcconfig */;
			buildSettings = {
				ALWAYS_EMBED_SWIFT_STANDARD_LIBRARIES = YES;
				BUNDLE_LOADER = "$(TEST_HOST)";
				CODE_SIGN_STYLE = Automatic;
				CURRENT_PROJECT_VERSION = 1;
				DEVELOPMENT_TEAM = L7ZDVPAZ3R;
				GENERATE_INFOPLIST_FILE = YES;
				IPHONEOS_DEPLOYMENT_TARGET = 15.0;
				LD_RUNPATH_SEARCH_PATHS = (
					"$(inherited)",
					"@executable_path/Frameworks",
					"@loader_path/Frameworks",
				);
				MARKETING_VERSION = 1.0;
				PRODUCT_BUNDLE_IDENTIFIER = "com.eunaahn.catstagram-iosTests";
				PRODUCT_NAME = "$(TARGET_NAME)";
				SWIFT_EMIT_LOC_STRINGS = NO;
				SWIFT_VERSION = 5.0;
				TARGETED_DEVICE_FAMILY = "1,2";
				TEST_HOST = "$(BUILT_PRODUCTS_DIR)/catstagram_ios.app/catstagram_ios";
			};
			name = Debug;
		};
		FFF193B527E328B900222CD2 /* Release */ = {
			isa = XCBuildConfiguration;
			baseConfigurationReference = E81FB507C4F1F905B24F2BC0 /* Pods-catstagram_iosTests.release.xcconfig */;
			buildSettings = {
				ALWAYS_EMBED_SWIFT_STANDARD_LIBRARIES = YES;
				BUNDLE_LOADER = "$(TEST_HOST)";
				CODE_SIGN_STYLE = Automatic;
				CURRENT_PROJECT_VERSION = 1;
				DEVELOPMENT_TEAM = L7ZDVPAZ3R;
				GENERATE_INFOPLIST_FILE = YES;
				IPHONEOS_DEPLOYMENT_TARGET = 15.0;
				LD_RUNPATH_SEARCH_PATHS = (
					"$(inherited)",
					"@executable_path/Frameworks",
					"@loader_path/Frameworks",
				);
				MARKETING_VERSION = 1.0;
				PRODUCT_BUNDLE_IDENTIFIER = "com.eunaahn.catstagram-iosTests";
				PRODUCT_NAME = "$(TARGET_NAME)";
				SWIFT_EMIT_LOC_STRINGS = NO;
				SWIFT_VERSION = 5.0;
				TARGETED_DEVICE_FAMILY = "1,2";
				TEST_HOST = "$(BUILT_PRODUCTS_DIR)/catstagram_ios.app/catstagram_ios";
			};
			name = Release;
		};
		FFF193B727E328B900222CD2 /* Debug */ = {
			isa = XCBuildConfiguration;
			baseConfigurationReference = A02FB165C92E68ABBA4D0596 /* Pods-catstagram_ios-catstagram_iosUITests.debug.xcconfig */;
			buildSettings = {
				ALWAYS_EMBED_SWIFT_STANDARD_LIBRARIES = YES;
				CODE_SIGN_STYLE = Automatic;
				CURRENT_PROJECT_VERSION = 1;
				DEVELOPMENT_TEAM = L7ZDVPAZ3R;
				GENERATE_INFOPLIST_FILE = YES;
				LD_RUNPATH_SEARCH_PATHS = (
					"$(inherited)",
					"@executable_path/Frameworks",
					"@loader_path/Frameworks",
				);
				MARKETING_VERSION = 1.0;
				PRODUCT_BUNDLE_IDENTIFIER = "com.eunaahn.catstagram-iosUITests";
				PRODUCT_NAME = "$(TARGET_NAME)";
				SWIFT_EMIT_LOC_STRINGS = NO;
				SWIFT_VERSION = 5.0;
				TARGETED_DEVICE_FAMILY = "1,2";
				TEST_TARGET_NAME = catstagram_ios;
			};
			name = Debug;
		};
		FFF193B827E328B900222CD2 /* Release */ = {
			isa = XCBuildConfiguration;
			baseConfigurationReference = D2B75507F94494E783612224 /* Pods-catstagram_ios-catstagram_iosUITests.release.xcconfig */;
			buildSettings = {
				ALWAYS_EMBED_SWIFT_STANDARD_LIBRARIES = YES;
				CODE_SIGN_STYLE = Automatic;
				CURRENT_PROJECT_VERSION = 1;
				DEVELOPMENT_TEAM = L7ZDVPAZ3R;
				GENERATE_INFOPLIST_FILE = YES;
				LD_RUNPATH_SEARCH_PATHS = (
					"$(inherited)",
					"@executable_path/Frameworks",
					"@loader_path/Frameworks",
				);
				MARKETING_VERSION = 1.0;
				PRODUCT_BUNDLE_IDENTIFIER = "com.eunaahn.catstagram-iosUITests";
				PRODUCT_NAME = "$(TARGET_NAME)";
				SWIFT_EMIT_LOC_STRINGS = NO;
				SWIFT_VERSION = 5.0;
				TARGETED_DEVICE_FAMILY = "1,2";
				TEST_TARGET_NAME = catstagram_ios;
			};
			name = Release;
		};
/* End XCBuildConfiguration section */

/* Begin XCConfigurationList section */
		FFF1938127E328B100222CD2 /* Build configuration list for PBXProject "catstagram_ios" */ = {
			isa = XCConfigurationList;
			buildConfigurations = (
				FFF193AE27E328B900222CD2 /* Debug */,
				FFF193AF27E328B900222CD2 /* Release */,
			);
			defaultConfigurationIsVisible = 0;
			defaultConfigurationName = Release;
		};
		FFF193B027E328B900222CD2 /* Build configuration list for PBXNativeTarget "catstagram_ios" */ = {
			isa = XCConfigurationList;
			buildConfigurations = (
				FFF193B127E328B900222CD2 /* Debug */,
				FFF193B227E328B900222CD2 /* Release */,
			);
			defaultConfigurationIsVisible = 0;
			defaultConfigurationName = Release;
		};
		FFF193B327E328B900222CD2 /* Build configuration list for PBXNativeTarget "catstagram_iosTests" */ = {
			isa = XCConfigurationList;
			buildConfigurations = (
				FFF193B427E328B900222CD2 /* Debug */,
				FFF193B527E328B900222CD2 /* Release */,
			);
			defaultConfigurationIsVisible = 0;
			defaultConfigurationName = Release;
		};
		FFF193B627E328B900222CD2 /* Build configuration list for PBXNativeTarget "catstagram_iosUITests" */ = {
			isa = XCConfigurationList;
			buildConfigurations = (
				FFF193B727E328B900222CD2 /* Debug */,
				FFF193B827E328B900222CD2 /* Release */,
			);
			defaultConfigurationIsVisible = 0;
			defaultConfigurationName = Release;
		};
/* End XCConfigurationList section */
	};
	rootObject = FFF1937E27E328B100222CD2 /* Project object */;
}
