// !$*UTF8*$!
{
	archiveVersion = 1;
	classes = {
	};
	objectVersion = 55;
	objects = {

/* Begin PBXBuildFile section */
		FFEADF8627F6DC0200548C6A /* Color+Extension.swift in Sources */ = {isa = PBXBuildFile; fileRef = FFEADF8527F6DC0200548C6A /* Color+Extension.swift */; };
		FFEADF8827F6DD8300548C6A /* LoginViewController.swift in Sources */ = {isa = PBXBuildFile; fileRef = FFEADF8727F6DD8300548C6A /* LoginViewController.swift */; };
		FFEADF8A27F6E2BE00548C6A /* RegisterViewController.swift in Sources */ = {isa = PBXBuildFile; fileRef = FFEADF8927F6E2BE00548C6A /* RegisterViewController.swift */; };
		FFEADF8C28000D7C00548C6A /* UIView+Extension.swift in Sources */ = {isa = PBXBuildFile; fileRef = FFEADF8B28000D7C00548C6A /* UIView+Extension.swift */; };
		FFEADF8E2800198600548C6A /* UIViewController+Extension.swift in Sources */ = {isa = PBXBuildFile; fileRef = FFEADF8D2800198600548C6A /* UIViewController+Extension.swift */; };
		FFF1938A27E328B200222CD2 /* AppDelegate.swift in Sources */ = {isa = PBXBuildFile; fileRef = FFF1938927E328B100222CD2 /* AppDelegate.swift */; };
		FFF1938C27E328B200222CD2 /* SceneDelegate.swift in Sources */ = {isa = PBXBuildFile; fileRef = FFF1938B27E328B200222CD2 /* SceneDelegate.swift */; };
		FFF1939127E328B200222CD2 /* Main.storyboard in Resources */ = {isa = PBXBuildFile; fileRef = FFF1938F27E328B200222CD2 /* Main.storyboard */; };
		FFF1939327E328B900222CD2 /* Assets.xcassets in Resources */ = {isa = PBXBuildFile; fileRef = FFF1939227E328B900222CD2 /* Assets.xcassets */; };
		FFF1939627E328B900222CD2 /* LaunchScreen.storyboard in Resources */ = {isa = PBXBuildFile; fileRef = FFF1939427E328B900222CD2 /* LaunchScreen.storyboard */; };
		FFF193A127E328B900222CD2 /* catstagram_iosTests.swift in Sources */ = {isa = PBXBuildFile; fileRef = FFF193A027E328B900222CD2 /* catstagram_iosTests.swift */; };
		FFF193AB27E328B900222CD2 /* catstagram_iosUITests.swift in Sources */ = {isa = PBXBuildFile; fileRef = FFF193AA27E328B900222CD2 /* catstagram_iosUITests.swift */; };
		FFF193AD27E328B900222CD2 /* catstagram_iosUITestsLaunchTests.swift in Sources */ = {isa = PBXBuildFile; fileRef = FFF193AC27E328B900222CD2 /* catstagram_iosUITestsLaunchTests.swift */; };
/* End PBXBuildFile section */

/* Begin PBXContainerItemProxy section */
		FFF1939D27E328B900222CD2 /* PBXContainerItemProxy */ = {
			isa = PBXContainerItemProxy;
			containerPortal = FFF1937E27E328B100222CD2 /* Project object */;
			proxyType = 1;
			remoteGlobalIDString = FFF1938527E328B100222CD2;
			remoteInfo = catstagram_ios;
		};
		FFF193A727E328B900222CD2 /* PBXContainerItemProxy */ = {
			isa = PBXContainerItemProxy;
			containerPortal = FFF1937E27E328B100222CD2 /* Project object */;
			proxyType = 1;
			remoteGlobalIDString = FFF1938527E328B100222CD2;
			remoteInfo = catstagram_ios;
		};
/* End PBXContainerItemProxy section */

/* Begin PBXFileReference section */
		FFEADF8527F6DC0200548C6A /* Color+Extension.swift */ = {isa = PBXFileReference; lastKnownFileType = sourcecode.swift; path = "Color+Extension.swift"; sourceTree = "<group>"; };
		FFEADF8727F6DD8300548C6A /* LoginViewController.swift */ = {isa = PBXFileReference; lastKnownFileType = sourcecode.swift; path = LoginViewController.swift; sourceTree = "<group>"; };
		FFEADF8927F6E2BE00548C6A /* RegisterViewController.swift */ = {isa = PBXFileReference; lastKnownFileType = sourcecode.swift; path = RegisterViewController.swift; sourceTree = "<group>"; };
		FFEADF8B28000D7C00548C6A /* UIView+Extension.swift */ = {isa = PBXFileReference; lastKnownFileType = sourcecode.swift; path = "UIView+Extension.swift"; sourceTree = "<group>"; };
		FFEADF8D2800198600548C6A /* UIViewController+Extension.swift */ = {isa = PBXFileReference; lastKnownFileType = sourcecode.swift; path = "UIViewController+Extension.swift"; sourceTree = "<group>"; };
		FFF1938627E328B100222CD2 /* catstagram_ios.app */ = {isa = PBXFileReference; explicitFileType = wrapper.application; includeInIndex = 0; path = catstagram_ios.app; sourceTree = BUILT_PRODUCTS_DIR; };
		FFF1938927E328B100222CD2 /* AppDelegate.swift */ = {isa = PBXFileReference; lastKnownFileType = sourcecode.swift; path = AppDelegate.swift; sourceTree = "<group>"; };
		FFF1938B27E328B200222CD2 /* SceneDelegate.swift */ = {isa = PBXFileReference; lastKnownFileType = sourcecode.swift; path = SceneDelegate.swift; sourceTree = "<group>"; };
		FFF1939027E328B200222CD2 /* Base */ = {isa = PBXFileReference; lastKnownFileType = file.storyboard; name = Base; path = Base.lproj/Main.storyboard; sourceTree = "<group>"; };
		FFF1939227E328B900222CD2 /* Assets.xcassets */ = {isa = PBXFileReference; lastKnownFileType = folder.assetcatalog; path = Assets.xcassets; sourceTree = "<group>"; };
		FFF1939527E328B900222CD2 /* Base */ = {isa = PBXFileReference; lastKnownFileType = file.storyboard; name = Base; path = Base.lproj/LaunchScreen.storyboard; sourceTree = "<group>"; };
		FFF1939727E328B900222CD2 /* Info.plist */ = {isa = PBXFileReference; lastKnownFileType = text.plist.xml; path = Info.plist; sourceTree = "<group>"; };
		FFF1939C27E328B900222CD2 /* catstagram_iosTests.xctest */ = {isa = PBXFileReference; explicitFileType = wrapper.cfbundle; includeInIndex = 0; path = catstagram_iosTests.xctest; sourceTree = BUILT_PRODUCTS_DIR; };
		FFF193A027E328B900222CD2 /* catstagram_iosTests.swift */ = {isa = PBXFileReference; lastKnownFileType = sourcecode.swift; path = catstagram_iosTests.swift; sourceTree = "<group>"; };
		FFF193A627E328B900222CD2 /* catstagram_iosUITests.xctest */ = {isa = PBXFileReference; explicitFileType = wrapper.cfbundle; includeInIndex = 0; path = catstagram_iosUITests.xctest; sourceTree = BUILT_PRODUCTS_DIR; };
		FFF193AA27E328B900222CD2 /* catstagram_iosUITests.swift */ = {isa = PBXFileReference; lastKnownFileType = sourcecode.swift; path = catstagram_iosUITests.swift; sourceTree = "<group>"; };
		FFF193AC27E328B900222CD2 /* catstagram_iosUITestsLaunchTests.swift */ = {isa = PBXFileReference; lastKnownFileType = sourcecode.swift; path = catstagram_iosUITestsLaunchTests.swift; sourceTree = "<group>"; };
/* End PBXFileReference section */

/* Begin PBXFrameworksBuildPhase section */
		FFF1938327E328B100222CD2 /* Frameworks */ = {
			isa = PBXFrameworksBuildPhase;
			buildActionMask = 2147483647;
			files = (
			);
			runOnlyForDeploymentPostprocessing = 0;
		};
		FFF1939927E328B900222CD2 /* Frameworks */ = {
			isa = PBXFrameworksBuildPhase;
			buildActionMask = 2147483647;
			files = (
			);
			runOnlyForDeploymentPostprocessing = 0;
		};
		FFF193A327E328B900222CD2 /* Frameworks */ = {
			isa = PBXFrameworksBuildPhase;
			buildActionMask = 2147483647;
			files = (
			);
			runOnlyForDeploymentPostprocessing = 0;
		};
/* End PBXFrameworksBuildPhase section */

/* Begin PBXGroup section */
		FFF1937D27E328B100222CD2 = {
			isa = PBXGroup;
			children = (
				FFF1938827E328B100222CD2 /* catstagram_ios */,
				FFF1939F27E328B900222CD2 /* catstagram_iosTests */,
				FFF193A927E328B900222CD2 /* catstagram_iosUITests */,
				FFF1938727E328B100222CD2 /* Products */,
			);
			sourceTree = "<group>";
		};
		FFF1938727E328B100222CD2 /* Products */ = {
			isa = PBXGroup;
			children = (
				FFF1938627E328B100222CD2 /* catstagram_ios.app */,
				FFF1939C27E328B900222CD2 /* catstagram_iosTests.xctest */,
				FFF193A627E328B900222CD2 /* catstagram_iosUITests.xctest */,
			);
			name = Products;
			sourceTree = "<group>";
		};
		FFF1938827E328B100222CD2 /* catstagram_ios */ = {
			isa = PBXGroup;
			children = (
				FFF1938927E328B100222CD2 /* AppDelegate.swift */,
				FFF1938B27E328B200222CD2 /* SceneDelegate.swift */,
				FFEADF8527F6DC0200548C6A /* Color+Extension.swift */,
				FFEADF8B28000D7C00548C6A /* UIView+Extension.swift */,
				FFEADF8D2800198600548C6A /* UIViewController+Extension.swift */,
				FFF1938F27E328B200222CD2 /* Main.storyboard */,
				FFEADF8727F6DD8300548C6A /* LoginViewController.swift */,
				FFEADF8927F6E2BE00548C6A /* RegisterViewController.swift */,
				FFF1939227E328B900222CD2 /* Assets.xcassets */,
				FFF1939427E328B900222CD2 /* LaunchScreen.storyboard */,
				FFF1939727E328B900222CD2 /* Info.plist */,
			);
			path = catstagram_ios;
			sourceTree = "<group>";
		};
		FFF1939F27E328B900222CD2 /* catstagram_iosTests */ = {
			isa = PBXGroup;
			children = (
				FFF193A027E328B900222CD2 /* catstagram_iosTests.swift */,
			);
			path = catstagram_iosTests;
			sourceTree = "<group>";
		};
		FFF193A927E328B900222CD2 /* catstagram_iosUITests */ = {
			isa = PBXGroup;
			children = (
				FFF193AA27E328B900222CD2 /* catstagram_iosUITests.swift */,
				FFF193AC27E328B900222CD2 /* catstagram_iosUITestsLaunchTests.swift */,
			);
			path = catstagram_iosUITests;
			sourceTree = "<group>";
		};
/* End PBXGroup section */

/* Begin PBXNativeTarget section */
		FFF1938527E328B100222CD2 /* catstagram_ios */ = {
			isa = PBXNativeTarget;
			buildConfigurationList = FFF193B027E328B900222CD2 /* Build configuration list for PBXNativeTarget "catstagram_ios" */;
			buildPhases = (
				FFF1938227E328B100222CD2 /* Sources */,
				FFF1938327E328B100222CD2 /* Frameworks */,
				FFF1938427E328B100222CD2 /* Resources */,
			);
			buildRules = (
			);
			dependencies = (
			);
			name = catstagram_ios;
			productName = catstagram_ios;
			productReference = FFF1938627E328B100222CD2 /* catstagram_ios.app */;
			productType = "com.apple.product-type.application";
		};
		FFF1939B27E328B900222CD2 /* catstagram_iosTests */ = {
			isa = PBXNativeTarget;
			buildConfigurationList = FFF193B327E328B900222CD2 /* Build configuration list for PBXNativeTarget "catstagram_iosTests" */;
			buildPhases = (
				FFF1939827E328B900222CD2 /* Sources */,
				FFF1939927E328B900222CD2 /* Frameworks */,
				FFF1939A27E328B900222CD2 /* Resources */,
			);
			buildRules = (
			);
			dependencies = (
				FFF1939E27E328B900222CD2 /* PBXTargetDependency */,
			);
			name = catstagram_iosTests;
			productName = catstagram_iosTests;
			productReference = FFF1939C27E328B900222CD2 /* catstagram_iosTests.xctest */;
			productType = "com.apple.product-type.bundle.unit-test";
		};
		FFF193A527E328B900222CD2 /* catstagram_iosUITests */ = {
			isa = PBXNativeTarget;
			buildConfigurationList = FFF193B627E328B900222CD2 /* Build configuration list for PBXNativeTarget "catstagram_iosUITests" */;
			buildPhases = (
				FFF193A227E328B900222CD2 /* Sources */,
				FFF193A327E328B900222CD2 /* Frameworks */,
				FFF193A427E328B900222CD2 /* Resources */,
			);
			buildRules = (
			);
			dependencies = (
				FFF193A827E328B900222CD2 /* PBXTargetDependency */,
			);
			name = catstagram_iosUITests;
			productName = catstagram_iosUITests;
			productReference = FFF193A627E328B900222CD2 /* catstagram_iosUITests.xctest */;
			productType = "com.apple.product-type.bundle.ui-testing";
		};
/* End PBXNativeTarget section */

/* Begin PBXProject section */
		FFF1937E27E328B100222CD2 /* Project object */ = {
			isa = PBXProject;
			attributes = {
				BuildIndependentTargetsInParallel = 1;
				LastSwiftUpdateCheck = 1310;
				LastUpgradeCheck = 1310;
				TargetAttributes = {
					FFF1938527E328B100222CD2 = {
						CreatedOnToolsVersion = 13.1;
					};
					FFF1939B27E328B900222CD2 = {
						CreatedOnToolsVersion = 13.1;
						TestTargetID = FFF1938527E328B100222CD2;
					};
					FFF193A527E328B900222CD2 = {
						CreatedOnToolsVersion = 13.1;
						TestTargetID = FFF1938527E328B100222CD2;
					};
				};
			};
			buildConfigurationList = FFF1938127E328B100222CD2 /* Build configuration list for PBXProject "catstagram_ios" */;
			compatibilityVersion = "Xcode 13.0";
			developmentRegion = en;
			hasScannedForEncodings = 0;
			knownRegions = (
				en,
				Base,
			);
			mainGroup = FFF1937D27E328B100222CD2;
			productRefGroup = FFF1938727E328B100222CD2 /* Products */;
			projectDirPath = "";
			projectRoot = "";
			targets = (
				FFF1938527E328B100222CD2 /* catstagram_ios */,
				FFF1939B27E328B900222CD2 /* catstagram_iosTests */,
				FFF193A527E328B900222CD2 /* catstagram_iosUITests */,
			);
		};
/* End PBXProject section */

/* Begin PBXResourcesBuildPhase section */
		FFF1938427E328B100222CD2 /* Resources */ = {
			isa = PBXResourcesBuildPhase;
			buildActionMask = 2147483647;
			files = (
				FFF1939627E328B900222CD2 /* LaunchScreen.storyboard in Resources */,
				FFF1939327E328B900222CD2 /* Assets.xcassets in Resources */,
				FFF1939127E328B200222CD2 /* Main.storyboard in Resources */,
			);
			runOnlyForDeploymentPostprocessing = 0;
		};
		FFF1939A27E328B900222CD2 /* Resources */ = {
			isa = PBXResourcesBuildPhase;
			buildActionMask = 2147483647;
			files = (
			);
			runOnlyForDeploymentPostprocessing = 0;
		};
		FFF193A427E328B900222CD2 /* Resources */ = {
			isa = PBXResourcesBuildPhase;
			buildActionMask = 2147483647;
			files = (
			);
			runOnlyForDeploymentPostprocessing = 0;
		};
/* End PBXResourcesBuildPhase section */

/* Begin PBXSourcesBuildPhase section */
		FFF1938227E328B100222CD2 /* Sources */ = {
			isa = PBXSourcesBuildPhase;
			buildActionMask = 2147483647;
			files = (
				FFEADF8C28000D7C00548C6A /* UIView+Extension.swift in Sources */,
				FFEADF8827F6DD8300548C6A /* LoginViewController.swift in Sources */,
				FFEADF8A27F6E2BE00548C6A /* RegisterViewController.swift in Sources */,
				FFF1938A27E328B200222CD2 /* AppDelegate.swift in Sources */,
				FFEADF8E2800198600548C6A /* UIViewController+Extension.swift in Sources */,
				FFF1938C27E328B200222CD2 /* SceneDelegate.swift in Sources */,
				FFEADF8627F6DC0200548C6A /* Color+Extension.swift in Sources */,
			);
			runOnlyForDeploymentPostprocessing = 0;
		};
		FFF1939827E328B900222CD2 /* Sources */ = {
			isa = PBXSourcesBuildPhase;
			buildActionMask = 2147483647;
			files = (
				FFF193A127E328B900222CD2 /* catstagram_iosTests.swift in Sources */,
			);
			runOnlyForDeploymentPostprocessing = 0;
		};
		FFF193A227E328B900222CD2 /* Sources */ = {
			isa = PBXSourcesBuildPhase;
			buildActionMask = 2147483647;
			files = (
				FFF193AB27E328B900222CD2 /* catstagram_iosUITests.swift in Sources */,
				FFF193AD27E328B900222CD2 /* catstagram_iosUITestsLaunchTests.swift in Sources */,
			);
			runOnlyForDeploymentPostprocessing = 0;
		};
/* End PBXSourcesBuildPhase section */

/* Begin PBXTargetDependency section */
		FFF1939E27E328B900222CD2 /* PBXTargetDependency */ = {
			isa = PBXTargetDependency;
			target = FFF1938527E328B100222CD2 /* catstagram_ios */;
			targetProxy = FFF1939D27E328B900222CD2 /* PBXContainerItemProxy */;
		};
		FFF193A827E328B900222CD2 /* PBXTargetDependency */ = {
			isa = PBXTargetDependency;
			target = FFF1938527E328B100222CD2 /* catstagram_ios */;
			targetProxy = FFF193A727E328B900222CD2 /* PBXContainerItemProxy */;
		};
/* End PBXTargetDependency section */

/* Begin PBXVariantGroup section */
		FFF1938F27E328B200222CD2 /* Main.storyboard */ = {
			isa = PBXVariantGroup;
			children = (
				FFF1939027E328B200222CD2 /* Base */,
			);
			name = Main.storyboard;
			sourceTree = "<group>";
		};
		FFF1939427E328B900222CD2 /* LaunchScreen.storyboard */ = {
			isa = PBXVariantGroup;
			children = (
				FFF1939527E328B900222CD2 /* Base */,
			);
			name = LaunchScreen.storyboard;
			sourceTree = "<group>";
		};
/* End PBXVariantGroup section */

/* Begin XCBuildConfiguration section */
		FFF193AE27E328B900222CD2 /* Debug */ = {
			isa = XCBuildConfiguration;
			buildSettings = {
				ALWAYS_SEARCH_USER_PATHS = NO;
				CLANG_ANALYZER_NONNULL = YES;
				CLANG_ANALYZER_NUMBER_OBJECT_CONVERSION = YES_AGGRESSIVE;
				CLANG_CXX_LANGUAGE_STANDARD = "gnu++17";
				CLANG_CXX_LIBRARY = "libc++";
				CLANG_ENABLE_MODULES = YES;
				CLANG_ENABLE_OBJC_ARC = YES;
				CLANG_ENABLE_OBJC_WEAK = YES;
				CLANG_WARN_BLOCK_CAPTURE_AUTORELEASING = YES;
				CLANG_WARN_BOOL_CONVERSION = YES;
				CLANG_WARN_COMMA = YES;
				CLANG_WARN_CONSTANT_CONVERSION = YES;
				CLANG_WARN_DEPRECATED_OBJC_IMPLEMENTATIONS = YES;
				CLANG_WARN_DIRECT_OBJC_ISA_USAGE = YES_ERROR;
				CLANG_WARN_DOCUMENTATION_COMMENTS = YES;
				CLANG_WARN_EMPTY_BODY = YES;
				CLANG_WARN_ENUM_CONVERSION = YES;
				CLANG_WARN_INFINITE_RECURSION = YES;
				CLANG_WARN_INT_CONVERSION = YES;
				CLANG_WARN_NON_LITERAL_NULL_CONVERSION = YES;
				CLANG_WARN_OBJC_IMPLICIT_RETAIN_SELF = YES;
				CLANG_WARN_OBJC_LITERAL_CONVERSION = YES;
				CLANG_WARN_OBJC_ROOT_CLASS = YES_ERROR;
				CLANG_WARN_QUOTED_INCLUDE_IN_FRAMEWORK_HEADER = YES;
				CLANG_WARN_RANGE_LOOP_ANALYSIS = YES;
				CLANG_WARN_STRICT_PROTOTYPES = YES;
				CLANG_WARN_SUSPICIOUS_MOVE = YES;
				CLANG_WARN_UNGUARDED_AVAILABILITY = YES_AGGRESSIVE;
				CLANG_WARN_UNREACHABLE_CODE = YES;
				CLANG_WARN__DUPLICATE_METHOD_MATCH = YES;
				COPY_PHASE_STRIP = NO;
				DEBUG_INFORMATION_FORMAT = dwarf;
				ENABLE_STRICT_OBJC_MSGSEND = YES;
				ENABLE_TESTABILITY = YES;
				GCC_C_LANGUAGE_STANDARD = gnu11;
				GCC_DYNAMIC_NO_PIC = NO;
				GCC_NO_COMMON_BLOCKS = YES;
				GCC_OPTIMIZATION_LEVEL = 0;
				GCC_PREPROCESSOR_DEFINITIONS = (
					"DEBUG=1",
					"$(inherited)",
				);
				GCC_WARN_64_TO_32_BIT_CONVERSION = YES;
				GCC_WARN_ABOUT_RETURN_TYPE = YES_ERROR;
				GCC_WARN_UNDECLARED_SELECTOR = YES;
				GCC_WARN_UNINITIALIZED_AUTOS = YES_AGGRESSIVE;
				GCC_WARN_UNUSED_FUNCTION = YES;
				GCC_WARN_UNUSED_VARIABLE = YES;
				IPHONEOS_DEPLOYMENT_TARGET = 15.0;
				MTL_ENABLE_DEBUG_INFO = INCLUDE_SOURCE;
				MTL_FAST_MATH = YES;
				ONLY_ACTIVE_ARCH = YES;
				SDKROOT = iphoneos;
				SWIFT_ACTIVE_COMPILATION_CONDITIONS = DEBUG;
				SWIFT_OPTIMIZATION_LEVEL = "-Onone";
			};
			name = Debug;
		};
		FFF193AF27E328B900222CD2 /* Release */ = {
			isa = XCBuildConfiguration;
			buildSettings = {
				ALWAYS_SEARCH_USER_PATHS = NO;
				CLANG_ANALYZER_NONNULL = YES;
				CLANG_ANALYZER_NUMBER_OBJECT_CONVERSION = YES_AGGRESSIVE;
				CLANG_CXX_LANGUAGE_STANDARD = "gnu++17";
				CLANG_CXX_LIBRARY = "libc++";
				CLANG_ENABLE_MODULES = YES;
				CLANG_ENABLE_OBJC_ARC = YES;
				CLANG_ENABLE_OBJC_WEAK = YES;
				CLANG_WARN_BLOCK_CAPTURE_AUTORELEASING = YES;
				CLANG_WARN_BOOL_CONVERSION = YES;
				CLANG_WARN_COMMA = YES;
				CLANG_WARN_CONSTANT_CONVERSION = YES;
				CLANG_WARN_DEPRECATED_OBJC_IMPLEMENTATIONS = YES;
				CLANG_WARN_DIRECT_OBJC_ISA_USAGE = YES_ERROR;
				CLANG_WARN_DOCUMENTATION_COMMENTS = YES;
				CLANG_WARN_EMPTY_BODY = YES;
				CLANG_WARN_ENUM_CONVERSION = YES;
				CLANG_WARN_INFINITE_RECURSION = YES;
				CLANG_WARN_INT_CONVERSION = YES;
				CLANG_WARN_NON_LITERAL_NULL_CONVERSION = YES;
				CLANG_WARN_OBJC_IMPLICIT_RETAIN_SELF = YES;
				CLANG_WARN_OBJC_LITERAL_CONVERSION = YES;
				CLANG_WARN_OBJC_ROOT_CLASS = YES_ERROR;
				CLANG_WARN_QUOTED_INCLUDE_IN_FRAMEWORK_HEADER = YES;
				CLANG_WARN_RANGE_LOOP_ANALYSIS = YES;
				CLANG_WARN_STRICT_PROTOTYPES = YES;
				CLANG_WARN_SUSPICIOUS_MOVE = YES;
				CLANG_WARN_UNGUARDED_AVAILABILITY = YES_AGGRESSIVE;
				CLANG_WARN_UNREACHABLE_CODE = YES;
				CLANG_WARN__DUPLICATE_METHOD_MATCH = YES;
				COPY_PHASE_STRIP = NO;
				DEBUG_INFORMATION_FORMAT = "dwarf-with-dsym";
				ENABLE_NS_ASSERTIONS = NO;
				ENABLE_STRICT_OBJC_MSGSEND = YES;
				GCC_C_LANGUAGE_STANDARD = gnu11;
				GCC_NO_COMMON_BLOCKS = YES;
				GCC_WARN_64_TO_32_BIT_CONVERSION = YES;
				GCC_WARN_ABOUT_RETURN_TYPE = YES_ERROR;
				GCC_WARN_UNDECLARED_SELECTOR = YES;
				GCC_WARN_UNINITIALIZED_AUTOS = YES_AGGRESSIVE;
				GCC_WARN_UNUSED_FUNCTION = YES;
				GCC_WARN_UNUSED_VARIABLE = YES;
				IPHONEOS_DEPLOYMENT_TARGET = 15.0;
				MTL_ENABLE_DEBUG_INFO = NO;
				MTL_FAST_MATH = YES;
				SDKROOT = iphoneos;
				SWIFT_COMPILATION_MODE = wholemodule;
				SWIFT_OPTIMIZATION_LEVEL = "-O";
				VALIDATE_PRODUCT = YES;
			};
			name = Release;
		};
		FFF193B127E328B900222CD2 /* Debug */ = {
			isa = XCBuildConfiguration;
			buildSettings = {
				ASSETCATALOG_COMPILER_APPICON_NAME = AppIcon;
				ASSETCATALOG_COMPILER_GLOBAL_ACCENT_COLOR_NAME = AccentColor;
				CODE_SIGN_STYLE = Automatic;
				CURRENT_PROJECT_VERSION = 1;
				DEVELOPMENT_TEAM = L7ZDVPAZ3R;
				GENERATE_INFOPLIST_FILE = YES;
				INFOPLIST_FILE = catstagram_ios/Info.plist;
				INFOPLIST_KEY_UIApplicationSupportsIndirectInputEvents = YES;
				INFOPLIST_KEY_UILaunchStoryboardName = LaunchScreen;
				INFOPLIST_KEY_UIMainStoryboardFile = Main;
				INFOPLIST_KEY_UISupportedInterfaceOrientations_iPad = "UIInterfaceOrientationPortrait UIInterfaceOrientationPortraitUpsideDown UIInterfaceOrientationLandscapeLeft UIInterfaceOrientationLandscapeRight";
				INFOPLIST_KEY_UISupportedInterfaceOrientations_iPhone = "UIInterfaceOrientationPortrait UIInterfaceOrientationLandscapeLeft UIInterfaceOrientationLandscapeRight";
				LD_RUNPATH_SEARCH_PATHS = (
					"$(inherited)",
					"@executable_path/Frameworks",
				);
				MARKETING_VERSION = 1.0;
				PRODUCT_BUNDLE_IDENTIFIER = "com.eunaahn.catstagram-ios";
				PRODUCT_NAME = "$(TARGET_NAME)";
				SWIFT_EMIT_LOC_STRINGS = YES;
				SWIFT_VERSION = 5.0;
				TARGETED_DEVICE_FAMILY = "1,2";
			};
			name = Debug;
		};
		FFF193B227E328B900222CD2 /* Release */ = {
			isa = XCBuildConfiguration;
			buildSettings = {
				ASSETCATALOG_COMPILER_APPICON_NAME = AppIcon;
				ASSETCATALOG_COMPILER_GLOBAL_ACCENT_COLOR_NAME = AccentColor;
				CODE_SIGN_STYLE = Automatic;
				CURRENT_PROJECT_VERSION = 1;
				DEVELOPMENT_TEAM = L7ZDVPAZ3R;
				GENERATE_INFOPLIST_FILE = YES;
				INFOPLIST_FILE = catstagram_ios/Info.plist;
				INFOPLIST_KEY_UIApplicationSupportsIndirectInputEvents = YES;
				INFOPLIST_KEY_UILaunchStoryboardName = LaunchScreen;
				INFOPLIST_KEY_UIMainStoryboardFile = Main;
				INFOPLIST_KEY_UISupportedInterfaceOrientations_iPad = "UIInterfaceOrientationPortrait UIInterfaceOrientationPortraitUpsideDown UIInterfaceOrientationLandscapeLeft UIInterfaceOrientationLandscapeRight";
				INFOPLIST_KEY_UISupportedInterfaceOrientations_iPhone = "UIInterfaceOrientationPortrait UIInterfaceOrientationLandscapeLeft UIInterfaceOrientationLandscapeRight";
				LD_RUNPATH_SEARCH_PATHS = (
					"$(inherited)",
					"@executable_path/Frameworks",
				);
				MARKETING_VERSION = 1.0;
				PRODUCT_BUNDLE_IDENTIFIER = "com.eunaahn.catstagram-ios";
				PRODUCT_NAME = "$(TARGET_NAME)";
				SWIFT_EMIT_LOC_STRINGS = YES;
				SWIFT_VERSION = 5.0;
				TARGETED_DEVICE_FAMILY = "1,2";
			};
			name = Release;
		};
		FFF193B427E328B900222CD2 /* Debug */ = {
			isa = XCBuildConfiguration;
			buildSettings = {
				ALWAYS_EMBED_SWIFT_STANDARD_LIBRARIES = YES;
				BUNDLE_LOADER = "$(TEST_HOST)";
				CODE_SIGN_STYLE = Automatic;
				CURRENT_PROJECT_VERSION = 1;
				DEVELOPMENT_TEAM = L7ZDVPAZ3R;
				GENERATE_INFOPLIST_FILE = YES;
				IPHONEOS_DEPLOYMENT_TARGET = 15.0;
				LD_RUNPATH_SEARCH_PATHS = (
					"$(inherited)",
					"@executable_path/Frameworks",
					"@loader_path/Frameworks",
				);
				MARKETING_VERSION = 1.0;
				PRODUCT_BUNDLE_IDENTIFIER = "com.eunaahn.catstagram-iosTests";
				PRODUCT_NAME = "$(TARGET_NAME)";
				SWIFT_EMIT_LOC_STRINGS = NO;
				SWIFT_VERSION = 5.0;
				TARGETED_DEVICE_FAMILY = "1,2";
				TEST_HOST = "$(BUILT_PRODUCTS_DIR)/catstagram_ios.app/catstagram_ios";
			};
			name = Debug;
		};
		FFF193B527E328B900222CD2 /* Release */ = {
			isa = XCBuildConfiguration;
			buildSettings = {
				ALWAYS_EMBED_SWIFT_STANDARD_LIBRARIES = YES;
				BUNDLE_LOADER = "$(TEST_HOST)";
				CODE_SIGN_STYLE = Automatic;
				CURRENT_PROJECT_VERSION = 1;
				DEVELOPMENT_TEAM = L7ZDVPAZ3R;
				GENERATE_INFOPLIST_FILE = YES;
				IPHONEOS_DEPLOYMENT_TARGET = 15.0;
				LD_RUNPATH_SEARCH_PATHS = (
					"$(inherited)",
					"@executable_path/Frameworks",
					"@loader_path/Frameworks",
				);
				MARKETING_VERSION = 1.0;
				PRODUCT_BUNDLE_IDENTIFIER = "com.eunaahn.catstagram-iosTests";
				PRODUCT_NAME = "$(TARGET_NAME)";
				SWIFT_EMIT_LOC_STRINGS = NO;
				SWIFT_VERSION = 5.0;
				TARGETED_DEVICE_FAMILY = "1,2";
				TEST_HOST = "$(BUILT_PRODUCTS_DIR)/catstagram_ios.app/catstagram_ios";
			};
			name = Release;
		};
		FFF193B727E328B900222CD2 /* Debug */ = {
			isa = XCBuildConfiguration;
			buildSettings = {
				ALWAYS_EMBED_SWIFT_STANDARD_LIBRARIES = YES;
				CODE_SIGN_STYLE = Automatic;
				CURRENT_PROJECT_VERSION = 1;
				DEVELOPMENT_TEAM = L7ZDVPAZ3R;
				GENERATE_INFOPLIST_FILE = YES;
				LD_RUNPATH_SEARCH_PATHS = (
					"$(inherited)",
					"@executable_path/Frameworks",
					"@loader_path/Frameworks",
				);
				MARKETING_VERSION = 1.0;
				PRODUCT_BUNDLE_IDENTIFIER = "com.eunaahn.catstagram-iosUITests";
				PRODUCT_NAME = "$(TARGET_NAME)";
				SWIFT_EMIT_LOC_STRINGS = NO;
				SWIFT_VERSION = 5.0;
				TARGETED_DEVICE_FAMILY = "1,2";
				TEST_TARGET_NAME = catstagram_ios;
			};
			name = Debug;
		};
		FFF193B827E328B900222CD2 /* Release */ = {
			isa = XCBuildConfiguration;
			buildSettings = {
				ALWAYS_EMBED_SWIFT_STANDARD_LIBRARIES = YES;
				CODE_SIGN_STYLE = Automatic;
				CURRENT_PROJECT_VERSION = 1;
				DEVELOPMENT_TEAM = L7ZDVPAZ3R;
				GENERATE_INFOPLIST_FILE = YES;
				LD_RUNPATH_SEARCH_PATHS = (
					"$(inherited)",
					"@executable_path/Frameworks",
					"@loader_path/Frameworks",
				);
				MARKETING_VERSION = 1.0;
				PRODUCT_BUNDLE_IDENTIFIER = "com.eunaahn.catstagram-iosUITests";
				PRODUCT_NAME = "$(TARGET_NAME)";
				SWIFT_EMIT_LOC_STRINGS = NO;
				SWIFT_VERSION = 5.0;
				TARGETED_DEVICE_FAMILY = "1,2";
				TEST_TARGET_NAME = catstagram_ios;
			};
			name = Release;
		};
/* End XCBuildConfiguration section */

/* Begin XCConfigurationList section */
		FFF1938127E328B100222CD2 /* Build configuration list for PBXProject "catstagram_ios" */ = {
			isa = XCConfigurationList;
			buildConfigurations = (
				FFF193AE27E328B900222CD2 /* Debug */,
				FFF193AF27E328B900222CD2 /* Release */,
			);
			defaultConfigurationIsVisible = 0;
			defaultConfigurationName = Release;
		};
		FFF193B027E328B900222CD2 /* Build configuration list for PBXNativeTarget "catstagram_ios" */ = {
			isa = XCConfigurationList;
			buildConfigurations = (
				FFF193B127E328B900222CD2 /* Debug */,
				FFF193B227E328B900222CD2 /* Release */,
			);
			defaultConfigurationIsVisible = 0;
			defaultConfigurationName = Release;
		};
		FFF193B327E328B900222CD2 /* Build configuration list for PBXNativeTarget "catstagram_iosTests" */ = {
			isa = XCConfigurationList;
			buildConfigurations = (
				FFF193B427E328B900222CD2 /* Debug */,
				FFF193B527E328B900222CD2 /* Release */,
			);
			defaultConfigurationIsVisible = 0;
			defaultConfigurationName = Release;
		};
		FFF193B627E328B900222CD2 /* Build configuration list for PBXNativeTarget "catstagram_iosUITests" */ = {
			isa = XCConfigurationList;
			buildConfigurations = (
				FFF193B727E328B900222CD2 /* Debug */,
				FFF193B827E328B900222CD2 /* Release */,
			);
			defaultConfigurationIsVisible = 0;
			defaultConfigurationName = Release;
		};
/* End XCConfigurationList section */
	};
	rootObject = FFF1937E27E328B100222CD2 /* Project object */;
}
